// !$*UTF8*$!
{
	archiveVersion = 1;
	classes = {
	};
	objectVersion = 70;
	objects = {

/* Begin PBXBuildFile section */
		9116C8FB2FDAF9D800C633C9 /* TrieGenerator.framework in Frameworks */ = {isa = PBXBuildFile; fileRef = 9116C8F22FDAF9D700C633C9 /* TrieGenerator.framework */; };
		9116C9202FDB040500C633C9 /* TrieGenerator.framework in Frameworks */ = {isa = PBXBuildFile; fileRef = 9116C8F22FDAF9D700C633C9 /* TrieGenerator.framework */; };
		9116C9212FDB040500C633C9 /* TrieGenerator.framework in Embed Frameworks */ = {isa = PBXBuildFile; fileRef = 9116C8F22FDAF9D700C633C9 /* TrieGenerator.framework */; settings = {ATTRIBUTES = (CodeSignOnCopy, RemoveHeadersOnCopy, ); }; };
		9116C9232FDB05E800C633C9 /* TrieGenerator.framework in Frameworks */ = {isa = PBXBuildFile; fileRef = 9116C8F22FDAF9D700C633C9 /* TrieGenerator.framework */; platformFilter = ios; };
		9116C9242FDB05E800C633C9 /* TrieGenerator.framework in Embed Frameworks */ = {isa = PBXBuildFile; fileRef = 9116C8F22FDAF9D700C633C9 /* TrieGenerator.framework */; settings = {ATTRIBUTES = (CodeSignOnCopy, RemoveHeadersOnCopy, ); }; };
		912CFEE92C88A6B10074C066 /* LICENSE in Resources */ = {isa = PBXBuildFile; fileRef = 912CFEE72C88A6B10074C066 /* LICENSE */; };
		9181F0A22CA34EA60091A771 /* Algorithms in Frameworks */ = {isa = PBXBuildFile; productRef = 9181F0A12CA34EA60091A771 /* Algorithms */; };
/* End PBXBuildFile section */

/* Begin PBXContainerItemProxy section */
		9116C8FC2FDAF9D800C633C9 /* PBXContainerItemProxy */ = {
			isa = PBXContainerItemProxy;
			containerPortal = 91FA96672C81333A0011BB7F /* Project object */;
			proxyType = 1;
			remoteGlobalIDString = 9116C8F12FDAF9D700C633C9;
			remoteInfo = TrieGenerator;
		};
		9116C9152FDAFBB600C633C9 /* PBXContainerItemProxy */ = {
			isa = PBXContainerItemProxy;
			containerPortal = 91FA96672C81333A0011BB7F /* Project object */;
			proxyType = 1;
			remoteGlobalIDString = 9116C8F12FDAF9D700C633C9;
			remoteInfo = TrieGenerator;
		};
		9116C9252FDB05E800C633C9 /* PBXContainerItemProxy */ = {
			isa = PBXContainerItemProxy;
			containerPortal = 91FA96672C81333A0011BB7F /* Project object */;
			proxyType = 1;
			remoteGlobalIDString = 9116C8F12FDAF9D700C633C9;
			remoteInfo = TrieGenerator;
		};
		91FA96802C81333E0011BB7F /* PBXContainerItemProxy */ = {
			isa = PBXContainerItemProxy;
			containerPortal = 91FA96672C81333A0011BB7F /* Project object */;
			proxyType = 1;
			remoteGlobalIDString = 91FA966E2C81333A0011BB7F;
			remoteInfo = betwist;
		};
/* End PBXContainerItemProxy section */

/* Begin PBXCopyFilesBuildPhase section */
		9116C9222FDB040500C633C9 /* Embed Frameworks */ = {
			isa = PBXCopyFilesBuildPhase;
			buildActionMask = 2147483647;
			dstPath = "";
			dstSubfolderSpec = 10;
			files = (
				9116C9212FDB040500C633C9 /* TrieGenerator.framework in Embed Frameworks */,
			);
			name = "Embed Frameworks";
			runOnlyForDeploymentPostprocessing = 0;
		};
		9116C9272FDB05E800C633C9 /* Embed Frameworks */ = {
			isa = PBXCopyFilesBuildPhase;
			buildActionMask = 2147483647;
			dstPath = "";
			dstSubfolderSpec = 10;
			files = (
				9116C9242FDB05E800C633C9 /* TrieGenerator.framework in Embed Frameworks */,
			);
			name = "Embed Frameworks";
			runOnlyForDeploymentPostprocessing = 0;
		};
		91D4DB312FBE027000A44E4A /* CopyFiles */ = {
			isa = PBXCopyFilesBuildPhase;
			buildActionMask = 2147483647;
			dstPath = /usr/share/man/man1/;
			dstSubfolderSpec = 0;
			files = (
			);
			runOnlyForDeploymentPostprocessing = 1;
		};
/* End PBXCopyFilesBuildPhase section */

/* Begin PBXFileReference section */
		9110CF5B2FAA2EDA00AB6E6E /* errors.txt */ = {isa = PBXFileReference; lastKnownFileType = text; path = errors.txt; sourceTree = "<group>"; };
		9116C8F22FDAF9D700C633C9 /* TrieGenerator.framework */ = {isa = PBXFileReference; explicitFileType = wrapper.framework; includeInIndex = 0; path = TrieGenerator.framework; sourceTree = BUILT_PRODUCTS_DIR; };
		9116C8FA2FDAF9D800C633C9 /* TrieGeneratorTests.xctest */ = {isa = PBXFileReference; explicitFileType = wrapper.cfbundle; includeInIndex = 0; path = TrieGeneratorTests.xctest; sourceTree = BUILT_PRODUCTS_DIR; };
		912CFEE72C88A6B10074C066 /* LICENSE */ = {isa = PBXFileReference; fileEncoding = 4; lastKnownFileType = text; name = LICENSE; path = ../LICENSE; sourceTree = "<group>"; };
		912CFEE82C88A6B10074C066 /* README.md */ = {isa = PBXFileReference; fileEncoding = 4; lastKnownFileType = net.daringfireball.markdown; name = README.md; path = ../README.md; sourceTree = "<group>"; };
		914A53992CA3664E00C05BB7 /* betwist.xctestplan */ = {isa = PBXFileReference; lastKnownFileType = text; path = betwist.xctestplan; sourceTree = "<group>"; };
		919160F52FE2D574009F3B93 /* TrieGenerator.xctestplan */ = {isa = PBXFileReference; lastKnownFileType = text; path = TrieGenerator.xctestplan; sourceTree = "<group>"; };
		91D4DB332FBE027000A44E4A /* BetwistMaker */ = {isa = PBXFileReference; explicitFileType = "compiled.mach-o.executable"; includeInIndex = 0; path = BetwistMaker; sourceTree = BUILT_PRODUCTS_DIR; };
		91FA966F2C81333A0011BB7F /* betwist.app */ = {isa = PBXFileReference; explicitFileType = wrapper.application; includeInIndex = 0; path = betwist.app; sourceTree = BUILT_PRODUCTS_DIR; };
		91FA967F2C81333E0011BB7F /* betwistTests.xctest */ = {isa = PBXFileReference; explicitFileType = wrapper.cfbundle; includeInIndex = 0; path = betwistTests.xctest; sourceTree = BUILT_PRODUCTS_DIR; };
		91FA969C2C813F5E0011BB7F /* _todo.txt */ = {isa = PBXFileReference; fileEncoding = 4; lastKnownFileType = text; path = _todo.txt; sourceTree = "<group>"; };
		91FA969F2C8141010011BB7F /* .swiftlint.yml */ = {isa = PBXFileReference; lastKnownFileType = text.yaml; path = .swiftlint.yml; sourceTree = "<group>"; };
		91FA96A32C814BAE0011BB7F /* betwist.key */ = {isa = PBXFileReference; lastKnownFileType = file; path = betwist.key; sourceTree = "<group>"; };
/* End PBXFileReference section */

/* Begin PBXFileSystemSynchronizedBuildFileExceptionSet section */
		9116C8EC2FDAF71300C633C9 /* PBXFileSystemSynchronizedBuildFileExceptionSet */ = {
			isa = PBXFileSystemSynchronizedBuildFileExceptionSet;
			membershipExceptions = (
				Info.plist,
				"Preview Content/Preview Assets.xcassets",
				resources/words.list,
			);
			target = 91FA966E2C81333A0011BB7F /* betwist */;
		};
/* End PBXFileSystemSynchronizedBuildFileExceptionSet section */

/* Begin PBXFileSystemSynchronizedRootGroup section */
		9116C86C2FDAF6A800C633C9 /* betwistTests */ = {isa = PBXFileSystemSynchronizedRootGroup; explicitFileTypes = {}; explicitFolders = (); path = betwistTests; sourceTree = "<group>"; };
		9116C8B82FDAF71200C633C9 /* betwist */ = {isa = PBXFileSystemSynchronizedRootGroup; exceptions = (9116C8EC2FDAF71300C633C9 /* PBXFileSystemSynchronizedBuildFileExceptionSet */, ); explicitFileTypes = {}; explicitFolders = (); path = betwist; sourceTree = "<group>"; };
		9116C8F32FDAF9D700C633C9 /* TrieGenerator */ = {isa = PBXFileSystemSynchronizedRootGroup; explicitFileTypes = {}; explicitFolders = (); path = TrieGenerator; sourceTree = "<group>"; };
		9116C8FE2FDAF9D800C633C9 /* TrieGeneratorTests */ = {isa = PBXFileSystemSynchronizedRootGroup; explicitFileTypes = {}; explicitFolders = (); path = TrieGeneratorTests; sourceTree = "<group>"; };
		91D4DB342FBE027000A44E4A /* BetwistMaker */ = {isa = PBXFileSystemSynchronizedRootGroup; explicitFileTypes = {}; explicitFolders = (); path = BetwistMaker; sourceTree = "<group>"; };
/* End PBXFileSystemSynchronizedRootGroup section */

/* Begin PBXFrameworksBuildPhase section */
		9116C8EF2FDAF9D700C633C9 /* Frameworks */ = {
			isa = PBXFrameworksBuildPhase;
			buildActionMask = 2147483647;
			files = (
			);
			runOnlyForDeploymentPostprocessing = 0;
		};
		9116C8F72FDAF9D800C633C9 /* Frameworks */ = {
			isa = PBXFrameworksBuildPhase;
			buildActionMask = 2147483647;
			files = (
				9116C8FB2FDAF9D800C633C9 /* TrieGenerator.framework in Frameworks */,
			);
			runOnlyForDeploymentPostprocessing = 0;
		};
		91D4DB302FBE027000A44E4A /* Frameworks */ = {
			isa = PBXFrameworksBuildPhase;
			buildActionMask = 2147483647;
			files = (
				9116C9202FDB040500C633C9 /* TrieGenerator.framework in Frameworks */,
			);
			runOnlyForDeploymentPostprocessing = 0;
		};
		91FA966C2C81333A0011BB7F /* Frameworks */ = {
			isa = PBXFrameworksBuildPhase;
			buildActionMask = 2147483647;
			files = (
				9181F0A22CA34EA60091A771 /* Algorithms in Frameworks */,
			);
			runOnlyForDeploymentPostprocessing = 0;
		};
		91FA967C2C81333E0011BB7F /* Frameworks */ = {
			isa = PBXFrameworksBuildPhase;
			buildActionMask = 2147483647;
			files = (
				9116C9232FDB05E800C633C9 /* TrieGenerator.framework in Frameworks */,
			);
			runOnlyForDeploymentPostprocessing = 0;
		};
/* End PBXFrameworksBuildPhase section */

/* Begin PBXGroup section */
		9181F0A02CA34EA60091A771 /* Frameworks */ = {
			isa = PBXGroup;
			children = (
			);
			name = Frameworks;
			sourceTree = "<group>";
		};
		91FA96662C81333A0011BB7F = {
			isa = PBXGroup;
			children = (
				919160F52FE2D574009F3B93 /* TrieGenerator.xctestplan */,
				91FA969C2C813F5E0011BB7F /* _todo.txt */,
				9110CF5B2FAA2EDA00AB6E6E /* errors.txt */,
				912CFEE72C88A6B10074C066 /* LICENSE */,
				912CFEE82C88A6B10074C066 /* README.md */,
				91FA96A32C814BAE0011BB7F /* betwist.key */,
				91FA969F2C8141010011BB7F /* .swiftlint.yml */,
				914A53992CA3664E00C05BB7 /* betwist.xctestplan */,
				9116C8B82FDAF71200C633C9 /* betwist */,
				9116C86C2FDAF6A800C633C9 /* betwistTests */,
				91D4DB342FBE027000A44E4A /* BetwistMaker */,
				9116C8F32FDAF9D700C633C9 /* TrieGenerator */,
				9116C8FE2FDAF9D800C633C9 /* TrieGeneratorTests */,
				9181F0A02CA34EA60091A771 /* Frameworks */,
				91FA96702C81333A0011BB7F /* Products */,
			);
			sourceTree = "<group>";
		};
		91FA96702C81333A0011BB7F /* Products */ = {
			isa = PBXGroup;
			children = (
				91FA966F2C81333A0011BB7F /* betwist.app */,
				91FA967F2C81333E0011BB7F /* betwistTests.xctest */,
				91D4DB332FBE027000A44E4A /* BetwistMaker */,
				9116C8F22FDAF9D700C633C9 /* TrieGenerator.framework */,
				9116C8FA2FDAF9D800C633C9 /* TrieGeneratorTests.xctest */,
			);
			name = Products;
			sourceTree = "<group>";
		};
/* End PBXGroup section */

/* Begin PBXHeadersBuildPhase section */
		9116C8ED2FDAF9D700C633C9 /* Headers */ = {
			isa = PBXHeadersBuildPhase;
			buildActionMask = 2147483647;
			files = (
			);
			runOnlyForDeploymentPostprocessing = 0;
		};
/* End PBXHeadersBuildPhase section */

/* Begin PBXNativeTarget section */
		9116C8F12FDAF9D700C633C9 /* TrieGenerator */ = {
			isa = PBXNativeTarget;
			buildConfigurationList = 9116C9012FDAF9D800C633C9 /* Build configuration list for PBXNativeTarget "TrieGenerator" */;
			buildPhases = (
				9116C8ED2FDAF9D700C633C9 /* Headers */,
				9116C8EE2FDAF9D700C633C9 /* Sources */,
				9116C8EF2FDAF9D700C633C9 /* Frameworks */,
				9116C8F02FDAF9D700C633C9 /* Resources */,
			);
			buildRules = (
			);
			dependencies = (
			);
			fileSystemSynchronizedGroups = (
				9116C8F32FDAF9D700C633C9 /* TrieGenerator */,
			);
			name = TrieGenerator;
			packageProductDependencies = (
			);
			productName = TrieGenerator;
			productReference = 9116C8F22FDAF9D700C633C9 /* TrieGenerator.framework */;
			productType = "com.apple.product-type.framework";
		};
		9116C8F92FDAF9D800C633C9 /* TrieGeneratorTests */ = {
			isa = PBXNativeTarget;
			buildConfigurationList = 9116C9042FDAF9D800C633C9 /* Build configuration list for PBXNativeTarget "TrieGeneratorTests" */;
			buildPhases = (
				9116C8F62FDAF9D800C633C9 /* Sources */,
				9116C8F72FDAF9D800C633C9 /* Frameworks */,
				9116C8F82FDAF9D800C633C9 /* Resources */,
			);
			buildRules = (
			);
			dependencies = (
				9116C8FD2FDAF9D800C633C9 /* PBXTargetDependency */,
			);
			fileSystemSynchronizedGroups = (
				9116C8FE2FDAF9D800C633C9 /* TrieGeneratorTests */,
			);
			name = TrieGeneratorTests;
			packageProductDependencies = (
			);
			productName = TrieGeneratorTests;
			productReference = 9116C8FA2FDAF9D800C633C9 /* TrieGeneratorTests.xctest */;
			productType = "com.apple.product-type.bundle.unit-test";
		};
		91D4DB322FBE027000A44E4A /* BetwistMaker */ = {
			isa = PBXNativeTarget;
			buildConfigurationList = 91D4DB392FBE027000A44E4A /* Build configuration list for PBXNativeTarget "BetwistMaker" */;
			buildPhases = (
				91D4DB2F2FBE027000A44E4A /* Sources */,
				91D4DB302FBE027000A44E4A /* Frameworks */,
				91D4DB312FBE027000A44E4A /* CopyFiles */,
				9116C9222FDB040500C633C9 /* Embed Frameworks */,
			);
			buildRules = (
			);
			dependencies = (
				9116C9162FDAFBB600C633C9 /* PBXTargetDependency */,
			);
			fileSystemSynchronizedGroups = (
				91D4DB342FBE027000A44E4A /* BetwistMaker */,
			);
			name = BetwistMaker;
			packageProductDependencies = (
			);
			productName = BetwistMaker;
			productReference = 91D4DB332FBE027000A44E4A /* BetwistMaker */;
			productType = "com.apple.product-type.tool";
		};
		91FA966E2C81333A0011BB7F /* betwist */ = {
			isa = PBXNativeTarget;
			buildConfigurationList = 91FA96932C81333F0011BB7F /* Build configuration list for PBXNativeTarget "betwist" */;
			buildPhases = (
				91FA966B2C81333A0011BB7F /* Sources */,
				915C73452F97CF07005EA8DC /* ShellScript */,
				91FA966C2C81333A0011BB7F /* Frameworks */,
				91FA966D2C81333A0011BB7F /* Resources */,
			);
			buildRules = (
			);
			dependencies = (
				915C73442F97CEE8005EA8DC /* PBXTargetDependency */,
			);
			fileSystemSynchronizedGroups = (
				9116C8B82FDAF71200C633C9 /* betwist */,
			);
			name = betwist;
			productName = betwist;
			productReference = 91FA966F2C81333A0011BB7F /* betwist.app */;
			productType = "com.apple.product-type.application";
		};
		91FA967E2C81333E0011BB7F /* betwistTests */ = {
			isa = PBXNativeTarget;
			buildConfigurationList = 91FA96962C81333F0011BB7F /* Build configuration list for PBXNativeTarget "betwistTests" */;
			buildPhases = (
				91FA967B2C81333E0011BB7F /* Sources */,
				91FA967C2C81333E0011BB7F /* Frameworks */,
				91FA967D2C81333E0011BB7F /* Resources */,
				91FA96A12C8141C90011BB7F /* ShellScript */,
				9116C9272FDB05E800C633C9 /* Embed Frameworks */,
			);
			buildRules = (
			);
			dependencies = (
				91FA96812C81333E0011BB7F /* PBXTargetDependency */,
				9116C9262FDB05E800C633C9 /* PBXTargetDependency */,
			);
			fileSystemSynchronizedGroups = (
				9116C86C2FDAF6A800C633C9 /* betwistTests */,
			);
			name = betwistTests;
			productName = betwistTests;
			productReference = 91FA967F2C81333E0011BB7F /* betwistTests.xctest */;
			productType = "com.apple.product-type.bundle.unit-test";
		};
/* End PBXNativeTarget section */

/* Begin PBXProject section */
		91FA96672C81333A0011BB7F /* Project object */ = {
			isa = PBXProject;
			attributes = {
				BuildIndependentTargetsInParallel = 1;
				LastSwiftUpdateCheck = 2650;
				LastUpgradeCheck = 2660;
				TargetAttributes = {
					9116C8F12FDAF9D700C633C9 = {
						CreatedOnToolsVersion = 26.5;
					};
					9116C8F92FDAF9D800C633C9 = {
						CreatedOnToolsVersion = 26.5;
					};
					91D4DB322FBE027000A44E4A = {
						CreatedOnToolsVersion = 26.5;
					};
					91FA966E2C81333A0011BB7F = {
						CreatedOnToolsVersion = 15.4;
					};
					91FA967E2C81333E0011BB7F = {
						CreatedOnToolsVersion = 15.4;
						LastSwiftMigration = 1600;
						TestTargetID = 91FA966E2C81333A0011BB7F;
					};
				};
			};
			buildConfigurationList = 91FA966A2C81333A0011BB7F /* Build configuration list for PBXProject "betwist" */;
			compatibilityVersion = "Xcode 14.0";
			developmentRegion = en;
			hasScannedForEncodings = 0;
			knownRegions = (
				en,
				Base,
			);
			mainGroup = 91FA96662C81333A0011BB7F;
			packageReferences = (
				91FA96A22C8144FF0011BB7F /* XCRemoteSwiftPackageReference "SwiftLintPlugins" */,
				9181F09F2CA34E610091A771 /* XCRemoteSwiftPackageReference "swift-algorithms" */,
			);
			productRefGroup = 91FA96702C81333A0011BB7F /* Products */;
			projectDirPath = "";
			projectRoot = "";
			targets = (
				91FA966E2C81333A0011BB7F /* betwist */,
				91FA967E2C81333E0011BB7F /* betwistTests */,
				91D4DB322FBE027000A44E4A /* BetwistMaker */,
				9116C8F12FDAF9D700C633C9 /* TrieGenerator */,
				9116C8F92FDAF9D800C633C9 /* TrieGeneratorTests */,
			);
		};
/* End PBXProject section */

/* Begin PBXResourcesBuildPhase section */
		9116C8F02FDAF9D700C633C9 /* Resources */ = {
			isa = PBXResourcesBuildPhase;
			buildActionMask = 2147483647;
			files = (
			);
			runOnlyForDeploymentPostprocessing = 0;
		};
		9116C8F82FDAF9D800C633C9 /* Resources */ = {
			isa = PBXResourcesBuildPhase;
			buildActionMask = 2147483647;
			files = (
			);
			runOnlyForDeploymentPostprocessing = 0;
		};
		91FA966D2C81333A0011BB7F /* Resources */ = {
			isa = PBXResourcesBuildPhase;
			buildActionMask = 2147483647;
			files = (
				912CFEE92C88A6B10074C066 /* LICENSE in Resources */,
			);
			runOnlyForDeploymentPostprocessing = 0;
		};
		91FA967D2C81333E0011BB7F /* Resources */ = {
			isa = PBXResourcesBuildPhase;
			buildActionMask = 2147483647;
			files = (
			);
			runOnlyForDeploymentPostprocessing = 0;
		};
/* End PBXResourcesBuildPhase section */

/* Begin PBXShellScriptBuildPhase section */
		915C73452F97CF07005EA8DC /* ShellScript */ = {
			isa = PBXShellScriptBuildPhase;
			alwaysOutOfDate = 1;
			buildActionMask = 2147483647;
			files = (
			);
			inputFileListPaths = (
			);
			inputPaths = (
			);
			outputFileListPaths = (
			);
			outputPaths = (
			);
			runOnlyForDeploymentPostprocessing = 0;
			shellPath = /bin/sh;
			shellScript = "if command -v swiftlint >/dev/null 2>&1\nthen\n    swiftlint\nelse\n    echo \"warning: `swiftlint` command not found - See https://github.com/realm/SwiftLint#installation for installation instructions.\"\nfi\n";
		};
		91FA96A12C8141C90011BB7F /* ShellScript */ = {
			isa = PBXShellScriptBuildPhase;
			alwaysOutOfDate = 1;
			buildActionMask = 2147483647;
			files = (
			);
			inputFileListPaths = (
			);
			inputPaths = (
			);
			outputFileListPaths = (
			);
			outputPaths = (
			);
			runOnlyForDeploymentPostprocessing = 0;
			shellPath = /bin/sh;
			shellScript = "if which swiftlint >>/dev/null; then\n  swiftlint\nelse\n  echo \"warning: swiftlint not installed\"\nfi\n";
		};
/* End PBXShellScriptBuildPhase section */

/* Begin PBXSourcesBuildPhase section */
		9116C8EE2FDAF9D700C633C9 /* Sources */ = {
			isa = PBXSourcesBuildPhase;
			buildActionMask = 2147483647;
			files = (
			);
			runOnlyForDeploymentPostprocessing = 0;
		};
		9116C8F62FDAF9D800C633C9 /* Sources */ = {
			isa = PBXSourcesBuildPhase;
			buildActionMask = 2147483647;
			files = (
			);
			runOnlyForDeploymentPostprocessing = 0;
		};
		91D4DB2F2FBE027000A44E4A /* Sources */ = {
			isa = PBXSourcesBuildPhase;
			buildActionMask = 2147483647;
			files = (
			);
			runOnlyForDeploymentPostprocessing = 0;
		};
		91FA966B2C81333A0011BB7F /* Sources */ = {
			isa = PBXSourcesBuildPhase;
			buildActionMask = 2147483647;
			files = (
			);
			runOnlyForDeploymentPostprocessing = 0;
		};
		91FA967B2C81333E0011BB7F /* Sources */ = {
			isa = PBXSourcesBuildPhase;
			buildActionMask = 2147483647;
			files = (
			);
			runOnlyForDeploymentPostprocessing = 0;
		};
/* End PBXSourcesBuildPhase section */

/* Begin PBXTargetDependency section */
		9116C8FD2FDAF9D800C633C9 /* PBXTargetDependency */ = {
			isa = PBXTargetDependency;
			target = 9116C8F12FDAF9D700C633C9 /* TrieGenerator */;
			targetProxy = 9116C8FC2FDAF9D800C633C9 /* PBXContainerItemProxy */;
		};
		9116C9162FDAFBB600C633C9 /* PBXTargetDependency */ = {
			isa = PBXTargetDependency;
			target = 9116C8F12FDAF9D700C633C9 /* TrieGenerator */;
			targetProxy = 9116C9152FDAFBB600C633C9 /* PBXContainerItemProxy */;
		};
		9116C9262FDB05E800C633C9 /* PBXTargetDependency */ = {
			isa = PBXTargetDependency;
			platformFilter = ios;
			target = 9116C8F12FDAF9D700C633C9 /* TrieGenerator */;
			targetProxy = 9116C9252FDB05E800C633C9 /* PBXContainerItemProxy */;
		};
		915C73442F97CEE8005EA8DC /* PBXTargetDependency */ = {
			isa = PBXTargetDependency;
			productRef = 915C73432F97CEE8005EA8DC /* SwiftLintBuildToolPlugin */;
		};
		91FA96812C81333E0011BB7F /* PBXTargetDependency */ = {
			isa = PBXTargetDependency;
			target = 91FA966E2C81333A0011BB7F /* betwist */;
			targetProxy = 91FA96802C81333E0011BB7F /* PBXContainerItemProxy */;
		};
/* End PBXTargetDependency section */

/* Begin XCBuildConfiguration section */
		9116C9022FDAF9D800C633C9 /* Debug */ = {
			isa = XCBuildConfiguration;
			buildSettings = {
				ALLOW_TARGET_PLATFORM_SPECIALIZATION = YES;
				BUILD_LIBRARY_FOR_DISTRIBUTION = YES;
				CODE_SIGN_IDENTITY = "";
				CODE_SIGN_STYLE = Automatic;
				CURRENT_PROJECT_VERSION = 1;
				DEAD_CODE_STRIPPING = YES;
				DEBUG_INFORMATION_FORMAT = dwarf;
				DEVELOPMENT_TEAM = 7B9VB3YTHK;
				DYLIB_COMPATIBILITY_VERSION = 1;
				DYLIB_CURRENT_VERSION = 1;
				DYLIB_INSTALL_NAME_BASE = "@rpath";
				ENABLE_MODULE_VERIFIER = YES;
				ENABLE_USER_SCRIPT_SANDBOXING = YES;
				GENERATE_INFOPLIST_FILE = YES;
				INFOPLIST_KEY_NSHumanReadableCopyright = "";
				INSTALL_PATH = "$(LOCAL_LIBRARY_DIR)/Frameworks";
				IPHONEOS_DEPLOYMENT_TARGET = 26.0;
				LD_RUNPATH_SEARCH_PATHS = (
					"@executable_path/Frameworks",
					"@loader_path/Frameworks",
				);
				"LD_RUNPATH_SEARCH_PATHS[sdk=macosx*]" = (
					"@executable_path/../Frameworks",
					"@loader_path/Frameworks",
				);
				MACOSX_DEPLOYMENT_TARGET = 26.0;
				MARKETING_VERSION = 1.0;
				MODULE_VERIFIER_SUPPORTED_LANGUAGES = "objective-c objective-c++";
				MODULE_VERIFIER_SUPPORTED_LANGUAGE_STANDARDS = "gnu17 gnu++20";
				PRODUCT_BUNDLE_IDENTIFIER = com.xp123.TrieGenerator;
				PRODUCT_NAME = "$(TARGET_NAME:c99extidentifier)";
				SDKROOT = auto;
				SKIP_INSTALL = YES;
				STRING_CATALOG_GENERATE_SYMBOLS = YES;
				SUPPORTED_PLATFORMS = "iphoneos iphonesimulator macosx xros xrsimulator";
				SWIFT_APPROACHABLE_CONCURRENCY = YES;
				SWIFT_EMIT_LOC_STRINGS = YES;
				SWIFT_INSTALL_MODULE = YES;
				SWIFT_INSTALL_OBJC_HEADER = NO;
				SWIFT_UPCOMING_FEATURE_MEMBER_IMPORT_VISIBILITY = YES;
				SWIFT_VERSION = 5.0;
				TARGETED_DEVICE_FAMILY = "1,2,7";
				VERSIONING_SYSTEM = "apple-generic";
				VERSION_INFO_PREFIX = "";
				XROS_DEPLOYMENT_TARGET = 26.0;
			};
			name = Debug;
		};
		9116C9032FDAF9D800C633C9 /* Release */ = {
			isa = XCBuildConfiguration;
			buildSettings = {
				ALLOW_TARGET_PLATFORM_SPECIALIZATION = YES;
				BUILD_LIBRARY_FOR_DISTRIBUTION = YES;
				CODE_SIGN_IDENTITY = "";
				CODE_SIGN_STYLE = Automatic;
				CURRENT_PROJECT_VERSION = 1;
				DEAD_CODE_STRIPPING = YES;
				DEVELOPMENT_TEAM = 7B9VB3YTHK;
				DYLIB_COMPATIBILITY_VERSION = 1;
				DYLIB_CURRENT_VERSION = 1;
				DYLIB_INSTALL_NAME_BASE = "@rpath";
				ENABLE_MODULE_VERIFIER = YES;
				ENABLE_USER_SCRIPT_SANDBOXING = YES;
				GENERATE_INFOPLIST_FILE = YES;
				INFOPLIST_KEY_NSHumanReadableCopyright = "";
				INSTALL_PATH = "$(LOCAL_LIBRARY_DIR)/Frameworks";
				IPHONEOS_DEPLOYMENT_TARGET = 26.0;
				LD_RUNPATH_SEARCH_PATHS = (
					"@executable_path/Frameworks",
					"@loader_path/Frameworks",
				);
				"LD_RUNPATH_SEARCH_PATHS[sdk=macosx*]" = (
					"@executable_path/../Frameworks",
					"@loader_path/Frameworks",
				);
				MACOSX_DEPLOYMENT_TARGET = 26.0;
				MARKETING_VERSION = 1.0;
				MODULE_VERIFIER_SUPPORTED_LANGUAGES = "objective-c objective-c++";
				MODULE_VERIFIER_SUPPORTED_LANGUAGE_STANDARDS = "gnu17 gnu++20";
				PRODUCT_BUNDLE_IDENTIFIER = com.xp123.TrieGenerator;
				PRODUCT_NAME = "$(TARGET_NAME:c99extidentifier)";
				SDKROOT = auto;
				SKIP_INSTALL = YES;
				STRING_CATALOG_GENERATE_SYMBOLS = YES;
				SUPPORTED_PLATFORMS = "iphoneos iphonesimulator macosx xros xrsimulator";
				SWIFT_APPROACHABLE_CONCURRENCY = YES;
				SWIFT_EMIT_LOC_STRINGS = YES;
				SWIFT_INSTALL_MODULE = YES;
				SWIFT_INSTALL_OBJC_HEADER = NO;
				SWIFT_UPCOMING_FEATURE_MEMBER_IMPORT_VISIBILITY = YES;
				SWIFT_VERSION = 5.0;
				TARGETED_DEVICE_FAMILY = "1,2,7";
				VERSIONING_SYSTEM = "apple-generic";
				VERSION_INFO_PREFIX = "";
				XROS_DEPLOYMENT_TARGET = 26.0;
			};
			name = Release;
		};
		9116C9052FDAF9D800C633C9 /* Debug */ = {
			isa = XCBuildConfiguration;
			buildSettings = {
				ALLOW_TARGET_PLATFORM_SPECIALIZATION = YES;
				CODE_SIGN_STYLE = Automatic;
				CURRENT_PROJECT_VERSION = 1;
				DEAD_CODE_STRIPPING = YES;
				DEBUG_INFORMATION_FORMAT = dwarf;
				DEVELOPMENT_TEAM = 7B9VB3YTHK;
				ENABLE_USER_SCRIPT_SANDBOXING = YES;
				GENERATE_INFOPLIST_FILE = YES;
				IPHONEOS_DEPLOYMENT_TARGET = 26.0;
				MACOSX_DEPLOYMENT_TARGET = 26.0;
				MARKETING_VERSION = 1.0;
				PRODUCT_BUNDLE_IDENTIFIER = com.xp123.TrieGeneratorTests;
				PRODUCT_NAME = "$(TARGET_NAME)";
				SDKROOT = auto;
				STRING_CATALOG_GENERATE_SYMBOLS = NO;
				SUPPORTED_PLATFORMS = macosx;
				SUPPORTS_MACCATALYST = NO;
				SWIFT_APPROACHABLE_CONCURRENCY = YES;
				SWIFT_EMIT_LOC_STRINGS = NO;
				SWIFT_UPCOMING_FEATURE_MEMBER_IMPORT_VISIBILITY = YES;
				SWIFT_VERSION = 5.0;
				XROS_DEPLOYMENT_TARGET = 26.0;
			};
			name = Debug;
		};
		9116C9062FDAF9D800C633C9 /* Release */ = {
			isa = XCBuildConfiguration;
			buildSettings = {
				ALLOW_TARGET_PLATFORM_SPECIALIZATION = YES;
				CODE_SIGN_STYLE = Automatic;
				CURRENT_PROJECT_VERSION = 1;
				DEAD_CODE_STRIPPING = YES;
				DEVELOPMENT_TEAM = 7B9VB3YTHK;
				ENABLE_USER_SCRIPT_SANDBOXING = YES;
				GENERATE_INFOPLIST_FILE = YES;
				IPHONEOS_DEPLOYMENT_TARGET = 26.0;
				MACOSX_DEPLOYMENT_TARGET = 26.0;
				MARKETING_VERSION = 1.0;
				PRODUCT_BUNDLE_IDENTIFIER = com.xp123.TrieGeneratorTests;
				PRODUCT_NAME = "$(TARGET_NAME)";
				SDKROOT = auto;
				STRING_CATALOG_GENERATE_SYMBOLS = NO;
				SUPPORTED_PLATFORMS = macosx;
				SUPPORTS_MACCATALYST = NO;
				SWIFT_APPROACHABLE_CONCURRENCY = YES;
				SWIFT_EMIT_LOC_STRINGS = NO;
				SWIFT_UPCOMING_FEATURE_MEMBER_IMPORT_VISIBILITY = YES;
				SWIFT_VERSION = 5.0;
				XROS_DEPLOYMENT_TARGET = 26.0;
			};
			name = Release;
		};
		91D4DB372FBE027000A44E4A /* Debug */ = {
			isa = XCBuildConfiguration;
			buildSettings = {
				CODE_SIGN_STYLE = Automatic;
				DEAD_CODE_STRIPPING = YES;
				DEBUG_INFORMATION_FORMAT = dwarf;
				DEVELOPMENT_TEAM = 7B9VB3YTHK;
				ENABLE_HARDENED_RUNTIME = YES;
				ENABLE_USER_SCRIPT_SANDBOXING = YES;
				MACOSX_DEPLOYMENT_TARGET = 26.0;
				PRODUCT_NAME = "$(TARGET_NAME)";
				SDKROOT = macosx;
				SWIFT_APPROACHABLE_CONCURRENCY = YES;
				SWIFT_UPCOMING_FEATURE_MEMBER_IMPORT_VISIBILITY = YES;
				SWIFT_VERSION = 5.0;
			};
			name = Debug;
		};
		91D4DB382FBE027000A44E4A /* Release */ = {
			isa = XCBuildConfiguration;
			buildSettings = {
				CODE_SIGN_STYLE = Automatic;
				DEAD_CODE_STRIPPING = YES;
				DEVELOPMENT_TEAM = 7B9VB3YTHK;
				ENABLE_HARDENED_RUNTIME = YES;
				ENABLE_USER_SCRIPT_SANDBOXING = YES;
				MACOSX_DEPLOYMENT_TARGET = 26.0;
				PRODUCT_NAME = "$(TARGET_NAME)";
				SDKROOT = macosx;
				SWIFT_APPROACHABLE_CONCURRENCY = YES;
				SWIFT_UPCOMING_FEATURE_MEMBER_IMPORT_VISIBILITY = YES;
				SWIFT_VERSION = 5.0;
			};
			name = Release;
		};
		91FA96912C81333F0011BB7F /* Debug */ = {
			isa = XCBuildConfiguration;
			buildSettings = {
				ALWAYS_SEARCH_USER_PATHS = NO;
				ASSETCATALOG_COMPILER_GENERATE_SWIFT_ASSET_SYMBOL_EXTENSIONS = YES;
				CLANG_ANALYZER_NONNULL = YES;
				CLANG_ANALYZER_NUMBER_OBJECT_CONVERSION = YES_AGGRESSIVE;
				CLANG_CXX_LANGUAGE_STANDARD = "gnu++20";
				CLANG_ENABLE_MODULES = YES;
				CLANG_ENABLE_OBJC_ARC = YES;
				CLANG_ENABLE_OBJC_WEAK = YES;
				CLANG_WARN_BLOCK_CAPTURE_AUTORELEASING = YES;
				CLANG_WARN_BOOL_CONVERSION = YES;
				CLANG_WARN_COMMA = YES;
				CLANG_WARN_CONSTANT_CONVERSION = YES;
				CLANG_WARN_DEPRECATED_OBJC_IMPLEMENTATIONS = YES;
				CLANG_WARN_DIRECT_OBJC_ISA_USAGE = YES_ERROR;
				CLANG_WARN_DOCUMENTATION_COMMENTS = YES;
				CLANG_WARN_EMPTY_BODY = YES;
				CLANG_WARN_ENUM_CONVERSION = YES;
				CLANG_WARN_INFINITE_RECURSION = YES;
				CLANG_WARN_INT_CONVERSION = YES;
				CLANG_WARN_NON_LITERAL_NULL_CONVERSION = YES;
				CLANG_WARN_OBJC_IMPLICIT_RETAIN_SELF = YES;
				CLANG_WARN_OBJC_LITERAL_CONVERSION = YES;
				CLANG_WARN_OBJC_ROOT_CLASS = YES_ERROR;
				CLANG_WARN_QUOTED_INCLUDE_IN_FRAMEWORK_HEADER = YES;
				CLANG_WARN_RANGE_LOOP_ANALYSIS = YES;
				CLANG_WARN_STRICT_PROTOTYPES = YES;
				CLANG_WARN_SUSPICIOUS_MOVE = YES;
				CLANG_WARN_UNGUARDED_AVAILABILITY = YES_AGGRESSIVE;
				CLANG_WARN_UNREACHABLE_CODE = YES;
				CLANG_WARN__DUPLICATE_METHOD_MATCH = YES;
				COPY_PHASE_STRIP = NO;
				DEBUG_INFORMATION_FORMAT = "dwarf-with-dsym";
				DEVELOPMENT_TEAM = 7B9VB3YTHK;
				ENABLE_DEBUG_DYLIB = NO;
				ENABLE_MODULE_VERIFIER = YES;
				ENABLE_STRICT_OBJC_MSGSEND = YES;
				ENABLE_TESTABILITY = YES;
				ENABLE_USER_SCRIPT_SANDBOXING = NO;
				GCC_C_LANGUAGE_STANDARD = gnu17;
				GCC_DYNAMIC_NO_PIC = NO;
				GCC_NO_COMMON_BLOCKS = YES;
				GCC_OPTIMIZATION_LEVEL = 0;
				GCC_PREPROCESSOR_DEFINITIONS = (
					"DEBUG=1",
					"$(inherited)",
				);
				GCC_WARN_64_TO_32_BIT_CONVERSION = YES;
				GCC_WARN_ABOUT_RETURN_TYPE = YES_ERROR;
				GCC_WARN_UNDECLARED_SELECTOR = YES;
				GCC_WARN_UNINITIALIZED_AUTOS = YES_AGGRESSIVE;
				GCC_WARN_UNUSED_FUNCTION = YES;
				GCC_WARN_UNUSED_VARIABLE = YES;
				IPHONEOS_DEPLOYMENT_TARGET = 18.0;
				LOCALIZATION_PREFERS_STRING_CATALOGS = YES;
				MTL_ENABLE_DEBUG_INFO = INCLUDE_SOURCE;
				MTL_FAST_MATH = YES;
				ONLY_ACTIVE_ARCH = YES;
				SDKROOT = iphoneos;
				STRING_CATALOG_GENERATE_SYMBOLS = YES;
				SWIFT_ACTIVE_COMPILATION_CONDITIONS = "DEBUG $(inherited)";
				SWIFT_OPTIMIZATION_LEVEL = "-Onone";
			};
			name = Debug;
		};
		91FA96922C81333F0011BB7F /* Release */ = {
			isa = XCBuildConfiguration;
			buildSettings = {
				ALWAYS_SEARCH_USER_PATHS = NO;
				ASSETCATALOG_COMPILER_GENERATE_SWIFT_ASSET_SYMBOL_EXTENSIONS = YES;
				CLANG_ANALYZER_NONNULL = YES;
				CLANG_ANALYZER_NUMBER_OBJECT_CONVERSION = YES_AGGRESSIVE;
				CLANG_CXX_LANGUAGE_STANDARD = "gnu++20";
				CLANG_ENABLE_MODULES = YES;
				CLANG_ENABLE_OBJC_ARC = YES;
				CLANG_ENABLE_OBJC_WEAK = YES;
				CLANG_WARN_BLOCK_CAPTURE_AUTORELEASING = YES;
				CLANG_WARN_BOOL_CONVERSION = YES;
				CLANG_WARN_COMMA = YES;
				CLANG_WARN_CONSTANT_CONVERSION = YES;
				CLANG_WARN_DEPRECATED_OBJC_IMPLEMENTATIONS = YES;
				CLANG_WARN_DIRECT_OBJC_ISA_USAGE = YES_ERROR;
				CLANG_WARN_DOCUMENTATION_COMMENTS = YES;
				CLANG_WARN_EMPTY_BODY = YES;
				CLANG_WARN_ENUM_CONVERSION = YES;
				CLANG_WARN_INFINITE_RECURSION = YES;
				CLANG_WARN_INT_CONVERSION = YES;
				CLANG_WARN_NON_LITERAL_NULL_CONVERSION = YES;
				CLANG_WARN_OBJC_IMPLICIT_RETAIN_SELF = YES;
				CLANG_WARN_OBJC_LITERAL_CONVERSION = YES;
				CLANG_WARN_OBJC_ROOT_CLASS = YES_ERROR;
				CLANG_WARN_QUOTED_INCLUDE_IN_FRAMEWORK_HEADER = YES;
				CLANG_WARN_RANGE_LOOP_ANALYSIS = YES;
				CLANG_WARN_STRICT_PROTOTYPES = YES;
				CLANG_WARN_SUSPICIOUS_MOVE = YES;
				CLANG_WARN_UNGUARDED_AVAILABILITY = YES_AGGRESSIVE;
				CLANG_WARN_UNREACHABLE_CODE = YES;
				CLANG_WARN__DUPLICATE_METHOD_MATCH = YES;
				COPY_PHASE_STRIP = NO;
				DEBUG_INFORMATION_FORMAT = "dwarf-with-dsym";
				DEVELOPMENT_TEAM = 7B9VB3YTHK;
				ENABLE_DEBUG_DYLIB = NO;
				ENABLE_MODULE_VERIFIER = YES;
				ENABLE_NS_ASSERTIONS = NO;
				ENABLE_STRICT_OBJC_MSGSEND = YES;
				ENABLE_TESTABILITY = NO;
				ENABLE_USER_SCRIPT_SANDBOXING = NO;
				GCC_C_LANGUAGE_STANDARD = gnu17;
				GCC_NO_COMMON_BLOCKS = YES;
				GCC_WARN_64_TO_32_BIT_CONVERSION = YES;
				GCC_WARN_ABOUT_RETURN_TYPE = YES_ERROR;
				GCC_WARN_UNDECLARED_SELECTOR = YES;
				GCC_WARN_UNINITIALIZED_AUTOS = YES_AGGRESSIVE;
				GCC_WARN_UNUSED_FUNCTION = YES;
				GCC_WARN_UNUSED_VARIABLE = YES;
				IPHONEOS_DEPLOYMENT_TARGET = 18.0;
				LOCALIZATION_PREFERS_STRING_CATALOGS = YES;
				MTL_ENABLE_DEBUG_INFO = NO;
				MTL_FAST_MATH = YES;
				SDKROOT = iphoneos;
				STRING_CATALOG_GENERATE_SYMBOLS = YES;
				SWIFT_COMPILATION_MODE = wholemodule;
				VALIDATE_PRODUCT = YES;
			};
			name = Release;
		};
		91FA96942C81333F0011BB7F /* Debug */ = {
			isa = XCBuildConfiguration;
			buildSettings = {
				ASSETCATALOG_COMPILER_APPICON_NAME = AppIcon;
				ASSETCATALOG_COMPILER_GLOBAL_ACCENT_COLOR_NAME = AccentColor;
				CODE_SIGN_STYLE = Automatic;
				CURRENT_PROJECT_VERSION = 6;
				DEVELOPMENT_ASSET_PATHS = "\"betwist/Preview Content\"";
				ENABLE_DEBUG_DYLIB = NO;
				ENABLE_PREVIEWS = YES;
				GENERATE_INFOPLIST_FILE = YES;
				INFOPLIST_FILE = betwist/Info.plist;
				INFOPLIST_KEY_ITSAppUsesNonExemptEncryption = NO;
				INFOPLIST_KEY_UIApplicationSceneManifest_Generation = YES;
				INFOPLIST_KEY_UIApplicationSupportsIndirectInputEvents = YES;
				INFOPLIST_KEY_UILaunchStoryboardName = splashScreen.png;
				INFOPLIST_KEY_UIRequiresFullScreen = NO;
				INFOPLIST_KEY_UIStatusBarHidden = YES;
				INFOPLIST_KEY_UISupportedInterfaceOrientations = UIInterfaceOrientationPortrait;
				INFOPLIST_KEY_UISupportedInterfaceOrientations_iPad = "UIInterfaceOrientationLandscapeLeft UIInterfaceOrientationLandscapeRight UIInterfaceOrientationPortrait UIInterfaceOrientationPortraitUpsideDown";
				IPHONEOS_DEPLOYMENT_TARGET = 26.0;
				LD_RUNPATH_SEARCH_PATHS = (
					"$(inherited)",
					"@executable_path/Frameworks",
				);
				MARKETING_VERSION = 0.1;
				PRODUCT_BUNDLE_IDENTIFIER = com.xp123.betwist;
				PRODUCT_NAME = "$(TARGET_NAME)";
				SWIFT_EMIT_LOC_STRINGS = YES;
				SWIFT_VERSION = 5.0;
				TARGETED_DEVICE_FAMILY = "1,2";
			};
			name = Debug;
		};
		91FA96952C81333F0011BB7F /* Release */ = {
			isa = XCBuildConfiguration;
			buildSettings = {
				ASSETCATALOG_COMPILER_APPICON_NAME = AppIcon;
				ASSETCATALOG_COMPILER_GLOBAL_ACCENT_COLOR_NAME = AccentColor;
				CODE_SIGN_STYLE = Automatic;
				CURRENT_PROJECT_VERSION = 6;
				DEVELOPMENT_ASSET_PATHS = "\"betwist/Preview Content\"";
				ENABLE_DEBUG_DYLIB = NO;
				ENABLE_PREVIEWS = YES;
				GENERATE_INFOPLIST_FILE = YES;
				INFOPLIST_FILE = betwist/Info.plist;
				INFOPLIST_KEY_ITSAppUsesNonExemptEncryption = NO;
				INFOPLIST_KEY_UIApplicationSceneManifest_Generation = YES;
				INFOPLIST_KEY_UIApplicationSupportsIndirectInputEvents = YES;
				INFOPLIST_KEY_UILaunchStoryboardName = splashScreen.png;
				INFOPLIST_KEY_UIRequiresFullScreen = NO;
				INFOPLIST_KEY_UIStatusBarHidden = YES;
				INFOPLIST_KEY_UISupportedInterfaceOrientations = UIInterfaceOrientationPortrait;
				INFOPLIST_KEY_UISupportedInterfaceOrientations_iPad = "UIInterfaceOrientationLandscapeLeft UIInterfaceOrientationLandscapeRight UIInterfaceOrientationPortrait UIInterfaceOrientationPortraitUpsideDown";
				IPHONEOS_DEPLOYMENT_TARGET = 26.0;
				LD_RUNPATH_SEARCH_PATHS = (
					"$(inherited)",
					"@executable_path/Frameworks",
				);
				MARKETING_VERSION = 0.1;
				PRODUCT_BUNDLE_IDENTIFIER = com.xp123.betwist;
				PRODUCT_NAME = "$(TARGET_NAME)";
				SWIFT_EMIT_LOC_STRINGS = YES;
				SWIFT_VERSION = 5.0;
				TARGETED_DEVICE_FAMILY = "1,2";
			};
			name = Release;
		};
		91FA96972C81333F0011BB7F /* Debug */ = {
			isa = XCBuildConfiguration;
			buildSettings = {
				BUNDLE_LOADER = "$(TEST_HOST)";
				CLANG_ENABLE_MODULES = YES;
				CODE_SIGN_STYLE = Automatic;
				CURRENT_PROJECT_VERSION = 1;
				ENABLE_DEBUG_DYLIB = NO;
				GENERATE_INFOPLIST_FILE = YES;
				IPHONEOS_DEPLOYMENT_TARGET = 26.0;
				MARKETING_VERSION = 1.0;
				PRODUCT_BUNDLE_IDENTIFIER = com.xp123.betwistTests;
				PRODUCT_NAME = "$(TARGET_NAME)";
				SUPPORTED_PLATFORMS = "iphoneos iphonesimulator";
				SUPPORTS_MACCATALYST = NO;
				SWIFT_EMIT_LOC_STRINGS = NO;
				SWIFT_OPTIMIZATION_LEVEL = "-Onone";
				SWIFT_VERSION = 5.0;
				TARGETED_DEVICE_FAMILY = "1,2";
				TEST_HOST = "$(BUILT_PRODUCTS_DIR)/betwist.app/$(BUNDLE_EXECUTABLE_FOLDER_PATH)/betwist";
			};
			name = Debug;
		};
		91FA96982C81333F0011BB7F /* Release */ = {
			isa = XCBuildConfiguration;
			buildSettings = {
				BUNDLE_LOADER = "$(TEST_HOST)";
				CLANG_ENABLE_MODULES = YES;
				CODE_SIGN_STYLE = Automatic;
				CURRENT_PROJECT_VERSION = 1;
				ENABLE_DEBUG_DYLIB = NO;
				GENERATE_INFOPLIST_FILE = YES;
				IPHONEOS_DEPLOYMENT_TARGET = 26.0;
				MARKETING_VERSION = 1.0;
				PRODUCT_BUNDLE_IDENTIFIER = com.xp123.betwistTests;
				PRODUCT_NAME = "$(TARGET_NAME)";
				SUPPORTED_PLATFORMS = "iphoneos iphonesimulator";
				SUPPORTS_MACCATALYST = NO;
				SWIFT_EMIT_LOC_STRINGS = NO;
				SWIFT_VERSION = 5.0;
				TARGETED_DEVICE_FAMILY = "1,2";
				TEST_HOST = "$(BUILT_PRODUCTS_DIR)/betwist.app/$(BUNDLE_EXECUTABLE_FOLDER_PATH)/betwist";
			};
			name = Release;
		};
/* End XCBuildConfiguration section */

/* Begin XCConfigurationList section */
		9116C9012FDAF9D800C633C9 /* Build configuration list for PBXNativeTarget "TrieGenerator" */ = {
			isa = XCConfigurationList;
			buildConfigurations = (
				9116C9022FDAF9D800C633C9 /* Debug */,
				9116C9032FDAF9D800C633C9 /* Release */,
			);
			defaultConfigurationIsVisible = 0;
			defaultConfigurationName = Release;
		};
		9116C9042FDAF9D800C633C9 /* Build configuration list for PBXNativeTarget "TrieGeneratorTests" */ = {
			isa = XCConfigurationList;
			buildConfigurations = (
				9116C9052FDAF9D800C633C9 /* Debug */,
				9116C9062FDAF9D800C633C9 /* Release */,
			);
			defaultConfigurationIsVisible = 0;
			defaultConfigurationName = Release;
		};
		91D4DB392FBE027000A44E4A /* Build configuration list for PBXNativeTarget "BetwistMaker" */ = {
			isa = XCConfigurationList;
			buildConfigurations = (
				91D4DB372FBE027000A44E4A /* Debug */,
				91D4DB382FBE027000A44E4A /* Release */,
			);
			defaultConfigurationIsVisible = 0;
			defaultConfigurationName = Release;
		};
		91FA966A2C81333A0011BB7F /* Build configuration list for PBXProject "betwist" */ = {
			isa = XCConfigurationList;
			buildConfigurations = (
				91FA96912C81333F0011BB7F /* Debug */,
				91FA96922C81333F0011BB7F /* Release */,
			);
			defaultConfigurationIsVisible = 0;
			defaultConfigurationName = Release;
		};
		91FA96932C81333F0011BB7F /* Build configuration list for PBXNativeTarget "betwist" */ = {
			isa = XCConfigurationList;
			buildConfigurations = (
				91FA96942C81333F0011BB7F /* Debug */,
				91FA96952C81333F0011BB7F /* Release */,
			);
			defaultConfigurationIsVisible = 0;
			defaultConfigurationName = Release;
		};
		91FA96962C81333F0011BB7F /* Build configuration list for PBXNativeTarget "betwistTests" */ = {
			isa = XCConfigurationList;
			buildConfigurations = (
				91FA96972C81333F0011BB7F /* Debug */,
				91FA96982C81333F0011BB7F /* Release */,
			);
			defaultConfigurationIsVisible = 0;
			defaultConfigurationName = Release;
		};
/* End XCConfigurationList section */

/* Begin XCRemoteSwiftPackageReference section */
		9181F09F2CA34E610091A771 /* XCRemoteSwiftPackageReference "swift-algorithms" */ = {
			isa = XCRemoteSwiftPackageReference;
			repositoryURL = "https://github.com/apple/swift-algorithms.git";
			requirement = {
				kind = upToNextMajorVersion;
				minimumVersion = 1.2.0;
			};
		};
		91FA96A22C8144FF0011BB7F /* XCRemoteSwiftPackageReference "SwiftLintPlugins" */ = {
			isa = XCRemoteSwiftPackageReference;
			repositoryURL = "https://github.com/SimplyDanny/SwiftLintPlugins";
			requirement = {
				kind = upToNextMajorVersion;
				minimumVersion = 0.56.2;
			};
		};
/* End XCRemoteSwiftPackageReference section */

/* Begin XCSwiftPackageProductDependency section */
		915C73432F97CEE8005EA8DC /* SwiftLintBuildToolPlugin */ = {
			isa = XCSwiftPackageProductDependency;
			package = 91FA96A22C8144FF0011BB7F /* XCRemoteSwiftPackageReference "SwiftLintPlugins" */;
			productName = "plugin:SwiftLintBuildToolPlugin";
		};
		9181F0A12CA34EA60091A771 /* Algorithms */ = {
			isa = XCSwiftPackageProductDependency;
			package = 9181F09F2CA34E610091A771 /* XCRemoteSwiftPackageReference "swift-algorithms" */;
			productName = Algorithms;
		};
/* End XCSwiftPackageProductDependency section */
	};
	rootObject = 91FA96672C81333A0011BB7F /* Project object */;
}
