// !$*UTF8*$!
{
	archiveVersion = 1;
	classes = {
	};
	objectVersion = 70;
	objects = {

/* Begin PBXBuildFile section */
		9104FD2E2CA5E85900A8CBB3 /* Game.swift in Sources */ = {isa = PBXBuildFile; fileRef = 9104FD2D2CA5E85500A8CBB3 /* Game.swift */; };
		910C6FAC2CBDB4BF00BD6A0D /* GridView.swift in Sources */ = {isa = PBXBuildFile; fileRef = 910C6FAB2CBDB4BF00BD6A0D /* GridView.swift */; };
		910C6FAE2CBDB6AD00BD6A0D /* LetterView.swift in Sources */ = {isa = PBXBuildFile; fileRef = 910C6FAD2CBDB6AD00BD6A0D /* LetterView.swift */; };
		910C6FB02CBEED2000BD6A0D /* Text+italic.swift in Sources */ = {isa = PBXBuildFile; fileRef = 910C6FAF2CBEED2000BD6A0D /* Text+italic.swift */; };
		910C6FB22CBEED7500BD6A0D /* ColorChooser.swift in Sources */ = {isa = PBXBuildFile; fileRef = 910C6FB12CBEED7500BD6A0D /* ColorChooser.swift */; };
		910C6FB62CBEF78D00BD6A0D /* InfiniteGrid.swift in Sources */ = {isa = PBXBuildFile; fileRef = 910C6FB52CBEF78D00BD6A0D /* InfiniteGrid.swift */; };
		910C6FB82CC0391500BD6A0D /* CGSize+wrap.swift in Sources */ = {isa = PBXBuildFile; fileRef = 910C6FB72CC0390F00BD6A0D /* CGSize+wrap.swift */; };
		910C6FBA2CC03A3300BD6A0D /* ACGSize.swift in Sources */ = {isa = PBXBuildFile; fileRef = 910C6FB92CC03A3300BD6A0D /* ACGSize.swift */; };
		910C97A92CA48AAD00893B79 /* Location.swift in Sources */ = {isa = PBXBuildFile; fileRef = 910C97A82CA48AAD00893B79 /* Location.swift */; };
		910C97AC2CA48AF400893B79 /* Selection.swift in Sources */ = {isa = PBXBuildFile; fileRef = 910C97AA2CA48AD900893B79 /* Selection.swift */; };
		910C97AE2CA4990700893B79 /* ALocation.swift in Sources */ = {isa = PBXBuildFile; fileRef = 910C97AD2CA4990700893B79 /* ALocation.swift */; };
		911EE9E32CAB21E5005C391D /* AGame.swift in Sources */ = {isa = PBXBuildFile; fileRef = 911EE9E22CAB21E5005C391D /* AGame.swift */; };
		911EE9E52CAB24CA005C391D /* AGameMaker.swift in Sources */ = {isa = PBXBuildFile; fileRef = 911EE9E42CAB24CA005C391D /* AGameMaker.swift */; };
		911EE9E82CAB2B49005C391D /* GameMaker.swift in Sources */ = {isa = PBXBuildFile; fileRef = 911EE9E62CAB28CE005C391D /* GameMaker.swift */; };
		911EE9F02CAC7CB9005C391D /* ATwister.swift in Sources */ = {isa = PBXBuildFile; fileRef = 911EE9EF2CAC7CB9005C391D /* ATwister.swift */; };
		911EE9F22CAC8096005C391D /* Twister.swift in Sources */ = {isa = PBXBuildFile; fileRef = 911EE9F12CAC8096005C391D /* Twister.swift */; };
		911EE9F92CADD10F005C391D /* AVocabulary.swift in Sources */ = {isa = PBXBuildFile; fileRef = 911EE9F82CADD10F005C391D /* AVocabulary.swift */; };
		911EE9FB2CADD2D6005C391D /* Vocabulary.swift in Sources */ = {isa = PBXBuildFile; fileRef = 911EE9FA2CADD2D6005C391D /* Vocabulary.swift */; };
		911EE9FD2CAF26E4005C391D /* AnswerDetailsView.swift in Sources */ = {isa = PBXBuildFile; fileRef = 911EE9FC2CAF26E4005C391D /* AnswerDetailsView.swift */; };
		911EE9FF2CAF2DE4005C391D /* Answers.swift in Sources */ = {isa = PBXBuildFile; fileRef = 911EE9FE2CAF2DDF005C391D /* Answers.swift */; };
		911EEA012CAF30D7005C391D /* TheAnswers.swift in Sources */ = {isa = PBXBuildFile; fileRef = 911EEA002CAF30D7005C391D /* TheAnswers.swift */; };
		912847072CD9583800FA21BA /* ATrie.swift in Sources */ = {isa = PBXBuildFile; fileRef = 912847062CD9583800FA21BA /* ATrie.swift */; };
		912847092CD9586F00FA21BA /* Trie.swift in Sources */ = {isa = PBXBuildFile; fileRef = 912847082CD9586C00FA21BA /* Trie.swift */; };
		9128473F2CDBF51700FA21BA /* MakerView.swift in Sources */ = {isa = PBXBuildFile; fileRef = 9128473E2CDBF51700FA21BA /* MakerView.swift */; };
		912847412CDBF8E700FA21BA /* Character+Codable.swift in Sources */ = {isa = PBXBuildFile; fileRef = 912847402CDBF8E700FA21BA /* Character+Codable.swift */; };
		9128474B2CDC0C9600FA21BA /* WordLoader.swift in Sources */ = {isa = PBXBuildFile; fileRef = 9128474A2CDC0C9600FA21BA /* WordLoader.swift */; };
		9128474F2CDC0EFF00FA21BA /* TrieBuilder.swift in Sources */ = {isa = PBXBuildFile; fileRef = 9128474E2CDC0EFB00FA21BA /* TrieBuilder.swift */; };
		912847512CDC10E100FA21BA /* Trie+io.swift in Sources */ = {isa = PBXBuildFile; fileRef = 912847502CDC10D700FA21BA /* Trie+io.swift */; };
		912847532CDC131D00FA21BA /* Vocabulary+init.swift in Sources */ = {isa = PBXBuildFile; fileRef = 912847522CDC131D00FA21BA /* Vocabulary+init.swift */; };
		912CFEE92C88A6B10074C066 /* LICENSE in Resources */ = {isa = PBXBuildFile; fileRef = 912CFEE72C88A6B10074C066 /* LICENSE */; };
		912CFEEA2C88A6B10074C066 /* README.md in Resources */ = {isa = PBXBuildFile; fileRef = 912CFEE82C88A6B10074C066 /* README.md */; };
		91407FD52CEBCA5600EC058D /* CompactLandscapeView.swift in Sources */ = {isa = PBXBuildFile; fileRef = 91407FD42CEBCA5600EC058D /* CompactLandscapeView.swift */; };
		91407FD72CEBCC8200EC058D /* ScoreDetailView.swift in Sources */ = {isa = PBXBuildFile; fileRef = 91407FD62CEBCC8200EC058D /* ScoreDetailView.swift */; };
		91407FD92CEBD74600EC058D /* RegularPortraitView.swift in Sources */ = {isa = PBXBuildFile; fileRef = 91407FD82CEBD74600EC058D /* RegularPortraitView.swift */; };
		91407FDB2CEBDD3400EC058D /* CompactPortraitView.swift in Sources */ = {isa = PBXBuildFile; fileRef = 91407FDA2CEBDD3400EC058D /* CompactPortraitView.swift */; };
		91407FDD2CEBDD9E00EC058D /* RegularLandscapeView.swift in Sources */ = {isa = PBXBuildFile; fileRef = 91407FDC2CEBDD9E00EC058D /* RegularLandscapeView.swift */; };
		914A539A2CA3664E00C05BB7 /* betwist.xctestplan in Resources */ = {isa = PBXBuildFile; fileRef = 914A53992CA3664E00C05BB7 /* betwist.xctestplan */; };
		917642242CC6D9D70064AD48 /* Button+viewModifier.swift in Sources */ = {isa = PBXBuildFile; fileRef = 917642232CC6D9C40064AD48 /* Button+viewModifier.swift */; };
		917C44AB2CDD62610041B790 /* SortedAnswersView.swift in Sources */ = {isa = PBXBuildFile; fileRef = 917C44AA2CDD625D0041B790 /* SortedAnswersView.swift */; };
		9181F09A2CA33C2A0091A771 /* ALetterGrid.swift in Sources */ = {isa = PBXBuildFile; fileRef = 9181F0992CA33C2A0091A771 /* ALetterGrid.swift */; };
		9181F09C2CA3444A0091A771 /* LetterGrid.swift in Sources */ = {isa = PBXBuildFile; fileRef = 9181F09B2CA3444A0091A771 /* LetterGrid.swift */; };
		9181F09E2CA347370091A771 /* Int+wrap.swift in Sources */ = {isa = PBXBuildFile; fileRef = 9181F09D2CA347370091A771 /* Int+wrap.swift */; };
		9181F0A22CA34EA60091A771 /* Algorithms in Frameworks */ = {isa = PBXBuildFile; productRef = 9181F0A12CA34EA60091A771 /* Algorithms */; };
		9181F0A62CA3556D0091A771 /* ASelection.swift in Sources */ = {isa = PBXBuildFile; fileRef = 9181F0A52CA3556D0091A771 /* ASelection.swift */; };
		91A387722CC056C800E00F7B /* ScoreView.swift in Sources */ = {isa = PBXBuildFile; fileRef = 91A387712CC056C800E00F7B /* ScoreView.swift */; };
		91A387742CC1427100E00F7B /* AnswersSummaryView.swift in Sources */ = {isa = PBXBuildFile; fileRef = 91A387732CC1427100E00F7B /* AnswersSummaryView.swift */; };
		91A387762CC144E600E00F7B /* AnswerInProgressView.swift in Sources */ = {isa = PBXBuildFile; fileRef = 91A387752CC144E500E00F7B /* AnswerInProgressView.swift */; };
		91A387782CC1889700E00F7B /* Score.swift in Sources */ = {isa = PBXBuildFile; fileRef = 91A387772CC1889700E00F7B /* Score.swift */; };
		91C8BFA52CE53AC5009810AF /* NewGameButton.swift in Sources */ = {isa = PBXBuildFile; fileRef = 91C8BFA42CE53AC5009810AF /* NewGameButton.swift */; };
		91C8BFA72CE53F2A009810AF /* RotateButton.swift in Sources */ = {isa = PBXBuildFile; fileRef = 91C8BFA62CE53F2A009810AF /* RotateButton.swift */; };
		91C8BFA92CE54003009810AF /* MessageView.swift in Sources */ = {isa = PBXBuildFile; fileRef = 91C8BFA82CE54003009810AF /* MessageView.swift */; };
		91C8BFAB2CE54236009810AF /* RotatingGridView.swift in Sources */ = {isa = PBXBuildFile; fileRef = 91C8BFAA2CE54236009810AF /* RotatingGridView.swift */; };
		91C8BFAF2CE6863D009810AF /* YouFoundView.swift in Sources */ = {isa = PBXBuildFile; fileRef = 91C8BFAE2CE6863D009810AF /* YouFoundView.swift */; };
		91FA96732C81333A0011BB7F /* betwistApp.swift in Sources */ = {isa = PBXBuildFile; fileRef = 91FA96722C81333A0011BB7F /* betwistApp.swift */; };
		91FA96752C81333A0011BB7F /* ContentView.swift in Sources */ = {isa = PBXBuildFile; fileRef = 91FA96742C81333A0011BB7F /* ContentView.swift */; };
		91FA967A2C81333E0011BB7F /* Preview Assets.xcassets in Resources */ = {isa = PBXBuildFile; fileRef = 91FA96792C81333E0011BB7F /* Preview Assets.xcassets */; };
		91FA969D2C813F5E0011BB7F /* _todo.txt in Resources */ = {isa = PBXBuildFile; fileRef = 91FA969C2C813F5E0011BB7F /* _todo.txt */; };
		91FA96A02C8141010011BB7F /* .swiftlint.yml in Resources */ = {isa = PBXBuildFile; fileRef = 91FA969F2C8141010011BB7F /* .swiftlint.yml */; };
		91FA96A42C814BAE0011BB7F /* betwist.key in Resources */ = {isa = PBXBuildFile; fileRef = 91FA96A32C814BAE0011BB7F /* betwist.key */; };
/* End PBXBuildFile section */

/* Begin PBXContainerItemProxy section */
		91FA96802C81333E0011BB7F /* PBXContainerItemProxy */ = {
			isa = PBXContainerItemProxy;
			containerPortal = 91FA96672C81333A0011BB7F /* Project object */;
			proxyType = 1;
			remoteGlobalIDString = 91FA966E2C81333A0011BB7F;
			remoteInfo = betwist;
		};
/* End PBXContainerItemProxy section */

/* Begin PBXFileReference section */
		9104FD2D2CA5E85500A8CBB3 /* Game.swift */ = {isa = PBXFileReference; lastKnownFileType = sourcecode.swift; path = Game.swift; sourceTree = "<group>"; };
		910C6FAB2CBDB4BF00BD6A0D /* GridView.swift */ = {isa = PBXFileReference; lastKnownFileType = sourcecode.swift; path = GridView.swift; sourceTree = "<group>"; };
		910C6FAD2CBDB6AD00BD6A0D /* LetterView.swift */ = {isa = PBXFileReference; lastKnownFileType = sourcecode.swift; path = LetterView.swift; sourceTree = "<group>"; };
		910C6FAF2CBEED2000BD6A0D /* Text+italic.swift */ = {isa = PBXFileReference; lastKnownFileType = sourcecode.swift; path = "Text+italic.swift"; sourceTree = "<group>"; };
		910C6FB12CBEED7500BD6A0D /* ColorChooser.swift */ = {isa = PBXFileReference; lastKnownFileType = sourcecode.swift; path = ColorChooser.swift; sourceTree = "<group>"; };
		910C6FB52CBEF78D00BD6A0D /* InfiniteGrid.swift */ = {isa = PBXFileReference; lastKnownFileType = sourcecode.swift; path = InfiniteGrid.swift; sourceTree = "<group>"; };
		910C6FB72CC0390F00BD6A0D /* CGSize+wrap.swift */ = {isa = PBXFileReference; lastKnownFileType = sourcecode.swift; path = "CGSize+wrap.swift"; sourceTree = "<group>"; };
		910C6FB92CC03A3300BD6A0D /* ACGSize.swift */ = {isa = PBXFileReference; lastKnownFileType = sourcecode.swift; path = ACGSize.swift; sourceTree = "<group>"; };
		910C97922CA3690600893B79 /* betwist.xctestplan */ = {isa = PBXFileReference; lastKnownFileType = text; path = betwist.xctestplan; sourceTree = "<group>"; };
		910C97A82CA48AAD00893B79 /* Location.swift */ = {isa = PBXFileReference; lastKnownFileType = sourcecode.swift; path = Location.swift; sourceTree = "<group>"; };
		910C97AA2CA48AD900893B79 /* Selection.swift */ = {isa = PBXFileReference; lastKnownFileType = sourcecode.swift; path = Selection.swift; sourceTree = "<group>"; };
		910C97AD2CA4990700893B79 /* ALocation.swift */ = {isa = PBXFileReference; lastKnownFileType = sourcecode.swift; path = ALocation.swift; sourceTree = "<group>"; };
		911EE9E22CAB21E5005C391D /* AGame.swift */ = {isa = PBXFileReference; lastKnownFileType = sourcecode.swift; path = AGame.swift; sourceTree = "<group>"; };
		911EE9E42CAB24CA005C391D /* AGameMaker.swift */ = {isa = PBXFileReference; lastKnownFileType = sourcecode.swift; path = AGameMaker.swift; sourceTree = "<group>"; };
		911EE9E62CAB28CE005C391D /* GameMaker.swift */ = {isa = PBXFileReference; lastKnownFileType = sourcecode.swift; path = GameMaker.swift; sourceTree = "<group>"; };
		911EE9EF2CAC7CB9005C391D /* ATwister.swift */ = {isa = PBXFileReference; lastKnownFileType = sourcecode.swift; path = ATwister.swift; sourceTree = "<group>"; };
		911EE9F12CAC8096005C391D /* Twister.swift */ = {isa = PBXFileReference; lastKnownFileType = sourcecode.swift; path = Twister.swift; sourceTree = "<group>"; };
		911EE9F82CADD10F005C391D /* AVocabulary.swift */ = {isa = PBXFileReference; lastKnownFileType = sourcecode.swift; path = AVocabulary.swift; sourceTree = "<group>"; };
		911EE9FA2CADD2D6005C391D /* Vocabulary.swift */ = {isa = PBXFileReference; lastKnownFileType = sourcecode.swift; path = Vocabulary.swift; sourceTree = "<group>"; };
		911EE9FC2CAF26E4005C391D /* AnswerDetailsView.swift */ = {isa = PBXFileReference; lastKnownFileType = sourcecode.swift; path = AnswerDetailsView.swift; sourceTree = "<group>"; };
		911EE9FE2CAF2DDF005C391D /* Answers.swift */ = {isa = PBXFileReference; lastKnownFileType = sourcecode.swift; path = Answers.swift; sourceTree = "<group>"; };
		911EEA002CAF30D7005C391D /* TheAnswers.swift */ = {isa = PBXFileReference; lastKnownFileType = sourcecode.swift; path = TheAnswers.swift; sourceTree = "<group>"; };
		912847062CD9583800FA21BA /* ATrie.swift */ = {isa = PBXFileReference; lastKnownFileType = sourcecode.swift; path = ATrie.swift; sourceTree = "<group>"; };
		912847082CD9586C00FA21BA /* Trie.swift */ = {isa = PBXFileReference; lastKnownFileType = sourcecode.swift; path = Trie.swift; sourceTree = "<group>"; };
		9128473E2CDBF51700FA21BA /* MakerView.swift */ = {isa = PBXFileReference; lastKnownFileType = sourcecode.swift; path = MakerView.swift; sourceTree = "<group>"; };
		912847402CDBF8E700FA21BA /* Character+Codable.swift */ = {isa = PBXFileReference; lastKnownFileType = sourcecode.swift; path = "Character+Codable.swift"; sourceTree = "<group>"; };
		9128474A2CDC0C9600FA21BA /* WordLoader.swift */ = {isa = PBXFileReference; lastKnownFileType = sourcecode.swift; path = WordLoader.swift; sourceTree = "<group>"; };
		9128474E2CDC0EFB00FA21BA /* TrieBuilder.swift */ = {isa = PBXFileReference; lastKnownFileType = sourcecode.swift; path = TrieBuilder.swift; sourceTree = "<group>"; };
		912847502CDC10D700FA21BA /* Trie+io.swift */ = {isa = PBXFileReference; lastKnownFileType = sourcecode.swift; path = "Trie+io.swift"; sourceTree = "<group>"; };
		912847522CDC131D00FA21BA /* Vocabulary+init.swift */ = {isa = PBXFileReference; lastKnownFileType = sourcecode.swift; path = "Vocabulary+init.swift"; sourceTree = "<group>"; };
		912CFEE72C88A6B10074C066 /* LICENSE */ = {isa = PBXFileReference; fileEncoding = 4; lastKnownFileType = text; name = LICENSE; path = ../LICENSE; sourceTree = "<group>"; };
		912CFEE82C88A6B10074C066 /* README.md */ = {isa = PBXFileReference; fileEncoding = 4; lastKnownFileType = net.daringfireball.markdown; name = README.md; path = ../README.md; sourceTree = "<group>"; };
		91407FD42CEBCA5600EC058D /* CompactLandscapeView.swift */ = {isa = PBXFileReference; lastKnownFileType = sourcecode.swift; path = CompactLandscapeView.swift; sourceTree = "<group>"; };
		91407FD62CEBCC8200EC058D /* ScoreDetailView.swift */ = {isa = PBXFileReference; lastKnownFileType = sourcecode.swift; path = ScoreDetailView.swift; sourceTree = "<group>"; };
		91407FD82CEBD74600EC058D /* RegularPortraitView.swift */ = {isa = PBXFileReference; lastKnownFileType = sourcecode.swift; path = RegularPortraitView.swift; sourceTree = "<group>"; };
		91407FDA2CEBDD3400EC058D /* CompactPortraitView.swift */ = {isa = PBXFileReference; lastKnownFileType = sourcecode.swift; path = CompactPortraitView.swift; sourceTree = "<group>"; };
		91407FDC2CEBDD9E00EC058D /* RegularLandscapeView.swift */ = {isa = PBXFileReference; lastKnownFileType = sourcecode.swift; path = RegularLandscapeView.swift; sourceTree = "<group>"; };
		914A53992CA3664E00C05BB7 /* betwist.xctestplan */ = {isa = PBXFileReference; lastKnownFileType = text; path = betwist.xctestplan; sourceTree = "<group>"; };
		917642232CC6D9C40064AD48 /* Button+viewModifier.swift */ = {isa = PBXFileReference; lastKnownFileType = sourcecode.swift; path = "Button+viewModifier.swift"; sourceTree = "<group>"; };
		917C44A92CDD55600041B790 /* Info.plist */ = {isa = PBXFileReference; lastKnownFileType = text.plist.xml; path = Info.plist; sourceTree = "<group>"; };
		917C44AA2CDD625D0041B790 /* SortedAnswersView.swift */ = {isa = PBXFileReference; lastKnownFileType = sourcecode.swift; path = SortedAnswersView.swift; sourceTree = "<group>"; };
		9181F0992CA33C2A0091A771 /* ALetterGrid.swift */ = {isa = PBXFileReference; lastKnownFileType = sourcecode.swift; path = ALetterGrid.swift; sourceTree = "<group>"; };
		9181F09B2CA3444A0091A771 /* LetterGrid.swift */ = {isa = PBXFileReference; lastKnownFileType = sourcecode.swift; path = LetterGrid.swift; sourceTree = "<group>"; };
		9181F09D2CA347370091A771 /* Int+wrap.swift */ = {isa = PBXFileReference; lastKnownFileType = sourcecode.swift; path = "Int+wrap.swift"; sourceTree = "<group>"; };
		9181F0A52CA3556D0091A771 /* ASelection.swift */ = {isa = PBXFileReference; lastKnownFileType = sourcecode.swift; path = ASelection.swift; sourceTree = "<group>"; };
		91A387712CC056C800E00F7B /* ScoreView.swift */ = {isa = PBXFileReference; lastKnownFileType = sourcecode.swift; path = ScoreView.swift; sourceTree = "<group>"; };
		91A387732CC1427100E00F7B /* AnswersSummaryView.swift */ = {isa = PBXFileReference; lastKnownFileType = sourcecode.swift; path = AnswersSummaryView.swift; sourceTree = "<group>"; };
		91A387752CC144E500E00F7B /* AnswerInProgressView.swift */ = {isa = PBXFileReference; lastKnownFileType = sourcecode.swift; path = AnswerInProgressView.swift; sourceTree = "<group>"; };
		91A387772CC1889700E00F7B /* Score.swift */ = {isa = PBXFileReference; lastKnownFileType = sourcecode.swift; path = Score.swift; sourceTree = "<group>"; };
		91C8BFA42CE53AC5009810AF /* NewGameButton.swift */ = {isa = PBXFileReference; lastKnownFileType = sourcecode.swift; path = NewGameButton.swift; sourceTree = "<group>"; };
		91C8BFA62CE53F2A009810AF /* RotateButton.swift */ = {isa = PBXFileReference; lastKnownFileType = sourcecode.swift; path = RotateButton.swift; sourceTree = "<group>"; };
		91C8BFA82CE54003009810AF /* MessageView.swift */ = {isa = PBXFileReference; lastKnownFileType = sourcecode.swift; path = MessageView.swift; sourceTree = "<group>"; };
		91C8BFAA2CE54236009810AF /* RotatingGridView.swift */ = {isa = PBXFileReference; lastKnownFileType = sourcecode.swift; path = RotatingGridView.swift; sourceTree = "<group>"; };
		91C8BFAE2CE6863D009810AF /* YouFoundView.swift */ = {isa = PBXFileReference; lastKnownFileType = sourcecode.swift; path = YouFoundView.swift; sourceTree = "<group>"; };
		91FA966F2C81333A0011BB7F /* betwist.app */ = {isa = PBXFileReference; explicitFileType = wrapper.application; includeInIndex = 0; path = betwist.app; sourceTree = BUILT_PRODUCTS_DIR; };
		91FA96722C81333A0011BB7F /* betwistApp.swift */ = {isa = PBXFileReference; lastKnownFileType = sourcecode.swift; path = betwistApp.swift; sourceTree = "<group>"; };
		91FA96742C81333A0011BB7F /* ContentView.swift */ = {isa = PBXFileReference; lastKnownFileType = sourcecode.swift; path = ContentView.swift; sourceTree = "<group>"; };
		91FA96792C81333E0011BB7F /* Preview Assets.xcassets */ = {isa = PBXFileReference; lastKnownFileType = folder.assetcatalog; path = "Preview Assets.xcassets"; sourceTree = "<group>"; };
		91FA967F2C81333E0011BB7F /* betwistTests.xctest */ = {isa = PBXFileReference; explicitFileType = wrapper.cfbundle; includeInIndex = 0; path = betwistTests.xctest; sourceTree = BUILT_PRODUCTS_DIR; };
		91FA969C2C813F5E0011BB7F /* _todo.txt */ = {isa = PBXFileReference; fileEncoding = 4; lastKnownFileType = text; path = _todo.txt; sourceTree = "<group>"; };
		91FA969F2C8141010011BB7F /* .swiftlint.yml */ = {isa = PBXFileReference; lastKnownFileType = text.yaml; path = .swiftlint.yml; sourceTree = "<group>"; };
		91FA96A32C814BAE0011BB7F /* betwist.key */ = {isa = PBXFileReference; lastKnownFileType = file; path = betwist.key; sourceTree = "<group>"; };
/* End PBXFileReference section */

/* Begin PBXFileSystemSynchronizedRootGroup section */
		911EE9F72CAD99A7005C391D /* resources */ = {isa = PBXFileSystemSynchronizedRootGroup; explicitFileTypes = {}; explicitFolders = (); path = resources; sourceTree = "<group>"; };
/* End PBXFileSystemSynchronizedRootGroup section */

/* Begin PBXFrameworksBuildPhase section */
		91FA966C2C81333A0011BB7F /* Frameworks */ = {
			isa = PBXFrameworksBuildPhase;
			buildActionMask = 2147483647;
			files = (
				9181F0A22CA34EA60091A771 /* Algorithms in Frameworks */,
			);
			runOnlyForDeploymentPostprocessing = 0;
		};
		91FA967C2C81333E0011BB7F /* Frameworks */ = {
			isa = PBXFrameworksBuildPhase;
			buildActionMask = 2147483647;
			files = (
			);
			runOnlyForDeploymentPostprocessing = 0;
		};
/* End PBXFrameworksBuildPhase section */

/* Begin PBXGroup section */
		917642212CC6D8E90064AD48 /* model */ = {
			isa = PBXGroup;
			children = (
				911EE9FE2CAF2DDF005C391D /* Answers.swift */,
				910C6FB72CC0390F00BD6A0D /* CGSize+wrap.swift */,
				912847402CDBF8E700FA21BA /* Character+Codable.swift */,
				9104FD2D2CA5E85500A8CBB3 /* Game.swift */,
				911EE9E62CAB28CE005C391D /* GameMaker.swift */,
				9181F09D2CA347370091A771 /* Int+wrap.swift */,
				9181F09B2CA3444A0091A771 /* LetterGrid.swift */,
				910C97A82CA48AAD00893B79 /* Location.swift */,
				91A387772CC1889700E00F7B /* Score.swift */,
				910C97AA2CA48AD900893B79 /* Selection.swift */,
				912847082CD9586C00FA21BA /* Trie.swift */,
				912847502CDC10D700FA21BA /* Trie+io.swift */,
				9128474E2CDC0EFB00FA21BA /* TrieBuilder.swift */,
				911EE9F12CAC8096005C391D /* Twister.swift */,
				911EE9FA2CADD2D6005C391D /* Vocabulary.swift */,
				9128474A2CDC0C9600FA21BA /* WordLoader.swift */,
			);
			path = model;
			sourceTree = "<group>";
		};
		917642222CC6D8F00064AD48 /* view */ = {
			isa = PBXGroup;
			children = (
				911EE9FC2CAF26E4005C391D /* AnswerDetailsView.swift */,
				91A387752CC144E500E00F7B /* AnswerInProgressView.swift */,
				91A387732CC1427100E00F7B /* AnswersSummaryView.swift */,
				917642232CC6D9C40064AD48 /* Button+viewModifier.swift */,
				910C6FB12CBEED7500BD6A0D /* ColorChooser.swift */,
				91407FD42CEBCA5600EC058D /* CompactLandscapeView.swift */,
				91407FDA2CEBDD3400EC058D /* CompactPortraitView.swift */,
				91FA96742C81333A0011BB7F /* ContentView.swift */,
				91407FDC2CEBDD9E00EC058D /* RegularLandscapeView.swift */,
				910C6FAB2CBDB4BF00BD6A0D /* GridView.swift */,
				910C6FB52CBEF78D00BD6A0D /* InfiniteGrid.swift */,
				910C6FAD2CBDB6AD00BD6A0D /* LetterView.swift */,
				9128473E2CDBF51700FA21BA /* MakerView.swift */,
				91C8BFA82CE54003009810AF /* MessageView.swift */,
				91C8BFA42CE53AC5009810AF /* NewGameButton.swift */,
				91407FD82CEBD74600EC058D /* RegularPortraitView.swift */,
				91C8BFA62CE53F2A009810AF /* RotateButton.swift */,
				91C8BFAA2CE54236009810AF /* RotatingGridView.swift */,
				91407FD62CEBCC8200EC058D /* ScoreDetailView.swift */,
				91A387712CC056C800E00F7B /* ScoreView.swift */,
				917C44AA2CDD625D0041B790 /* SortedAnswersView.swift */,
				910C6FAF2CBEED2000BD6A0D /* Text+italic.swift */,
				91C8BFAE2CE6863D009810AF /* YouFoundView.swift */,
			);
			path = view;
			sourceTree = "<group>";
		};
		9181F0A02CA34EA60091A771 /* Frameworks */ = {
			isa = PBXGroup;
			children = (
			);
			name = Frameworks;
			sourceTree = "<group>";
		};
		91FA96662C81333A0011BB7F = {
			isa = PBXGroup;
			children = (
				91FA969C2C813F5E0011BB7F /* _todo.txt */,
				912CFEE72C88A6B10074C066 /* LICENSE */,
				912CFEE82C88A6B10074C066 /* README.md */,
				91FA96A32C814BAE0011BB7F /* betwist.key */,
				91FA969F2C8141010011BB7F /* .swiftlint.yml */,
				914A53992CA3664E00C05BB7 /* betwist.xctestplan */,
				910C97922CA3690600893B79 /* betwist.xctestplan */,
				91FA96712C81333A0011BB7F /* betwist */,
				91FA96822C81333E0011BB7F /* betwistTests */,
				9181F0A02CA34EA60091A771 /* Frameworks */,
				91FA96702C81333A0011BB7F /* Products */,
			);
			sourceTree = "<group>";
		};
		91FA96702C81333A0011BB7F /* Products */ = {
			isa = PBXGroup;
			children = (
				91FA966F2C81333A0011BB7F /* betwist.app */,
				91FA967F2C81333E0011BB7F /* betwistTests.xctest */,
			);
			name = Products;
			sourceTree = "<group>";
		};
		91FA96712C81333A0011BB7F /* betwist */ = {
			isa = PBXGroup;
			children = (
				917C44A92CDD55600041B790 /* Info.plist */,
				917642212CC6D8E90064AD48 /* model */,
				917642222CC6D8F00064AD48 /* view */,
				91FA96722C81333A0011BB7F /* betwistApp.swift */,
				91FA96782C81333E0011BB7F /* Preview Content */,
				911EE9F72CAD99A7005C391D /* resources */,
			);
			path = betwist;
			sourceTree = "<group>";
		};
		91FA96782C81333E0011BB7F /* Preview Content */ = {
			isa = PBXGroup;
			children = (
				91FA96792C81333E0011BB7F /* Preview Assets.xcassets */,
			);
			path = "Preview Content";
			sourceTree = "<group>";
		};
		91FA96822C81333E0011BB7F /* betwistTests */ = {
			isa = PBXGroup;
			children = (
				910C6FB92CC03A3300BD6A0D /* ACGSize.swift */,
				911EE9E22CAB21E5005C391D /* AGame.swift */,
				911EE9E42CAB24CA005C391D /* AGameMaker.swift */,
				9181F0992CA33C2A0091A771 /* ALetterGrid.swift */,
				910C97AD2CA4990700893B79 /* ALocation.swift */,
				9181F0A52CA3556D0091A771 /* ASelection.swift */,
				912847062CD9583800FA21BA /* ATrie.swift */,
				911EE9EF2CAC7CB9005C391D /* ATwister.swift */,
				911EE9F82CADD10F005C391D /* AVocabulary.swift */,
				911EEA002CAF30D7005C391D /* TheAnswers.swift */,
				912847522CDC131D00FA21BA /* Vocabulary+init.swift */,
			);
			path = betwistTests;
			sourceTree = "<group>";
		};
/* End PBXGroup section */

/* Begin PBXNativeTarget section */
		91FA966E2C81333A0011BB7F /* betwist */ = {
			isa = PBXNativeTarget;
			buildConfigurationList = 91FA96932C81333F0011BB7F /* Build configuration list for PBXNativeTarget "betwist" */;
			buildPhases = (
				91FA966B2C81333A0011BB7F /* Sources */,
				91FA966C2C81333A0011BB7F /* Frameworks */,
				91FA966D2C81333A0011BB7F /* Resources */,
			);
			buildRules = (
			);
			dependencies = (
			);
			fileSystemSynchronizedGroups = (
				911EE9F72CAD99A7005C391D /* resources */,
			);
			name = betwist;
			productName = betwist;
			productReference = 91FA966F2C81333A0011BB7F /* betwist.app */;
			productType = "com.apple.product-type.application";
		};
		91FA967E2C81333E0011BB7F /* betwistTests */ = {
			isa = PBXNativeTarget;
			buildConfigurationList = 91FA96962C81333F0011BB7F /* Build configuration list for PBXNativeTarget "betwistTests" */;
			buildPhases = (
				91FA967B2C81333E0011BB7F /* Sources */,
				91FA967C2C81333E0011BB7F /* Frameworks */,
				91FA967D2C81333E0011BB7F /* Resources */,
				91FA96A12C8141C90011BB7F /* ShellScript */,
			);
			buildRules = (
			);
			dependencies = (
				91FA96812C81333E0011BB7F /* PBXTargetDependency */,
			);
			name = betwistTests;
			productName = betwistTests;
			productReference = 91FA967F2C81333E0011BB7F /* betwistTests.xctest */;
			productType = "com.apple.product-type.bundle.unit-test";
		};
/* End PBXNativeTarget section */

/* Begin PBXProject section */
		91FA96672C81333A0011BB7F /* Project object */ = {
			isa = PBXProject;
			attributes = {
				BuildIndependentTargetsInParallel = 1;
				LastSwiftUpdateCheck = 1610;
				LastUpgradeCheck = 1600;
				TargetAttributes = {
					91FA966E2C81333A0011BB7F = {
						CreatedOnToolsVersion = 15.4;
					};
					91FA967E2C81333E0011BB7F = {
						CreatedOnToolsVersion = 15.4;
						LastSwiftMigration = 1600;
						TestTargetID = 91FA966E2C81333A0011BB7F;
					};
				};
			};
			buildConfigurationList = 91FA966A2C81333A0011BB7F /* Build configuration list for PBXProject "betwist" */;
			compatibilityVersion = "Xcode 14.0";
			developmentRegion = en;
			hasScannedForEncodings = 0;
			knownRegions = (
				en,
				Base,
			);
			mainGroup = 91FA96662C81333A0011BB7F;
			packageReferences = (
				91FA96A22C8144FF0011BB7F /* XCRemoteSwiftPackageReference "SwiftLintPlugins" */,
				9181F09F2CA34E610091A771 /* XCRemoteSwiftPackageReference "swift-algorithms" */,
			);
			productRefGroup = 91FA96702C81333A0011BB7F /* Products */;
			projectDirPath = "";
			projectRoot = "";
			targets = (
				91FA966E2C81333A0011BB7F /* betwist */,
				91FA967E2C81333E0011BB7F /* betwistTests */,
			);
		};
/* End PBXProject section */

/* Begin PBXResourcesBuildPhase section */
		91FA966D2C81333A0011BB7F /* Resources */ = {
			isa = PBXResourcesBuildPhase;
			buildActionMask = 2147483647;
			files = (
				912CFEE92C88A6B10074C066 /* LICENSE in Resources */,
				91FA96A02C8141010011BB7F /* .swiftlint.yml in Resources */,
				91FA969D2C813F5E0011BB7F /* _todo.txt in Resources */,
				912CFEEA2C88A6B10074C066 /* README.md in Resources */,
				91FA96A42C814BAE0011BB7F /* betwist.key in Resources */,
				914A539A2CA3664E00C05BB7 /* betwist.xctestplan in Resources */,
				91FA967A2C81333E0011BB7F /* Preview Assets.xcassets in Resources */,
			);
			runOnlyForDeploymentPostprocessing = 0;
		};
		91FA967D2C81333E0011BB7F /* Resources */ = {
			isa = PBXResourcesBuildPhase;
			buildActionMask = 2147483647;
			files = (
			);
			runOnlyForDeploymentPostprocessing = 0;
		};
/* End PBXResourcesBuildPhase section */

/* Begin PBXShellScriptBuildPhase section */
		91FA96A12C8141C90011BB7F /* ShellScript */ = {
			isa = PBXShellScriptBuildPhase;
			alwaysOutOfDate = 1;
			buildActionMask = 2147483647;
			files = (
			);
			inputFileListPaths = (
			);
			inputPaths = (
			);
			outputFileListPaths = (
			);
			outputPaths = (
			);
			runOnlyForDeploymentPostprocessing = 0;
			shellPath = /bin/sh;
			shellScript = "if which swiftlint >>/dev/null; then\n  swiftlint\nelse\n  echo \"warning: swiftlint not installed\"\nfi\n";
		};
/* End PBXShellScriptBuildPhase section */

/* Begin PBXSourcesBuildPhase section */
		91FA966B2C81333A0011BB7F /* Sources */ = {
			isa = PBXSourcesBuildPhase;
			buildActionMask = 2147483647;
			files = (
				91C8BFAB2CE54236009810AF /* RotatingGridView.swift in Sources */,
				911EE9FD2CAF26E4005C391D /* AnswerDetailsView.swift in Sources */,
				910C97AC2CA48AF400893B79 /* Selection.swift in Sources */,
				910C6FB82CC0391500BD6A0D /* CGSize+wrap.swift in Sources */,
				911EE9FB2CADD2D6005C391D /* Vocabulary.swift in Sources */,
				91407FDD2CEBDD9E00EC058D /* RegularLandscapeView.swift in Sources */,
				91FA96752C81333A0011BB7F /* ContentView.swift in Sources */,
				91C8BFA52CE53AC5009810AF /* NewGameButton.swift in Sources */,
				91C8BFA92CE54003009810AF /* MessageView.swift in Sources */,
				9128473F2CDBF51700FA21BA /* MakerView.swift in Sources */,
				9104FD2E2CA5E85900A8CBB3 /* Game.swift in Sources */,
				91407FDB2CEBDD3400EC058D /* CompactPortraitView.swift in Sources */,
				910C6FAE2CBDB6AD00BD6A0D /* LetterView.swift in Sources */,
				91407FD72CEBCC8200EC058D /* ScoreDetailView.swift in Sources */,
				9128474B2CDC0C9600FA21BA /* WordLoader.swift in Sources */,
				911EE9FF2CAF2DE4005C391D /* Answers.swift in Sources */,
				9181F09E2CA347370091A771 /* Int+wrap.swift in Sources */,
				912847092CD9586F00FA21BA /* Trie.swift in Sources */,
				91A387762CC144E600E00F7B /* AnswerInProgressView.swift in Sources */,
				91407FD92CEBD74600EC058D /* RegularPortraitView.swift in Sources */,
				91A387722CC056C800E00F7B /* ScoreView.swift in Sources */,
				917642242CC6D9D70064AD48 /* Button+viewModifier.swift in Sources */,
				91A387782CC1889700E00F7B /* Score.swift in Sources */,
				910C6FB62CBEF78D00BD6A0D /* InfiniteGrid.swift in Sources */,
				911EE9E82CAB2B49005C391D /* GameMaker.swift in Sources */,
				910C6FB22CBEED7500BD6A0D /* ColorChooser.swift in Sources */,
				917C44AB2CDD62610041B790 /* SortedAnswersView.swift in Sources */,
				910C6FB02CBEED2000BD6A0D /* Text+italic.swift in Sources */,
				910C97A92CA48AAD00893B79 /* Location.swift in Sources */,
				91407FD52CEBCA5600EC058D /* CompactLandscapeView.swift in Sources */,
				91A387742CC1427100E00F7B /* AnswersSummaryView.swift in Sources */,
				91C8BFA72CE53F2A009810AF /* RotateButton.swift in Sources */,
				91FA96732C81333A0011BB7F /* betwistApp.swift in Sources */,
				9181F09C2CA3444A0091A771 /* LetterGrid.swift in Sources */,
				912847412CDBF8E700FA21BA /* Character+Codable.swift in Sources */,
				91C8BFAF2CE6863D009810AF /* YouFoundView.swift in Sources */,
				910C6FAC2CBDB4BF00BD6A0D /* GridView.swift in Sources */,
				912847512CDC10E100FA21BA /* Trie+io.swift in Sources */,
				911EE9F22CAC8096005C391D /* Twister.swift in Sources */,
				9128474F2CDC0EFF00FA21BA /* TrieBuilder.swift in Sources */,
			);
			runOnlyForDeploymentPostprocessing = 0;
		};
		91FA967B2C81333E0011BB7F /* Sources */ = {
			isa = PBXSourcesBuildPhase;
			buildActionMask = 2147483647;
			files = (
				910C6FBA2CC03A3300BD6A0D /* ACGSize.swift in Sources */,
				9181F0A62CA3556D0091A771 /* ASelection.swift in Sources */,
				911EE9E52CAB24CA005C391D /* AGameMaker.swift in Sources */,
				911EEA012CAF30D7005C391D /* TheAnswers.swift in Sources */,
				911EE9F02CAC7CB9005C391D /* ATwister.swift in Sources */,
				911EE9F92CADD10F005C391D /* AVocabulary.swift in Sources */,
				911EE9E32CAB21E5005C391D /* AGame.swift in Sources */,
				910C97AE2CA4990700893B79 /* ALocation.swift in Sources */,
				9181F09A2CA33C2A0091A771 /* ALetterGrid.swift in Sources */,
				912847532CDC131D00FA21BA /* Vocabulary+init.swift in Sources */,
				912847072CD9583800FA21BA /* ATrie.swift in Sources */,
			);
			runOnlyForDeploymentPostprocessing = 0;
		};
/* End PBXSourcesBuildPhase section */

/* Begin PBXTargetDependency section */
		91FA96812C81333E0011BB7F /* PBXTargetDependency */ = {
			isa = PBXTargetDependency;
			target = 91FA966E2C81333A0011BB7F /* betwist */;
			targetProxy = 91FA96802C81333E0011BB7F /* PBXContainerItemProxy */;
		};
/* End PBXTargetDependency section */

/* Begin XCBuildConfiguration section */
		91FA96912C81333F0011BB7F /* Debug */ = {
			isa = XCBuildConfiguration;
			buildSettings = {
				ALWAYS_SEARCH_USER_PATHS = NO;
				ASSETCATALOG_COMPILER_GENERATE_SWIFT_ASSET_SYMBOL_EXTENSIONS = YES;
				CLANG_ANALYZER_NONNULL = YES;
				CLANG_ANALYZER_NUMBER_OBJECT_CONVERSION = YES_AGGRESSIVE;
				CLANG_CXX_LANGUAGE_STANDARD = "gnu++20";
				CLANG_ENABLE_MODULES = YES;
				CLANG_ENABLE_OBJC_ARC = YES;
				CLANG_ENABLE_OBJC_WEAK = YES;
				CLANG_WARN_BLOCK_CAPTURE_AUTORELEASING = YES;
				CLANG_WARN_BOOL_CONVERSION = YES;
				CLANG_WARN_COMMA = YES;
				CLANG_WARN_CONSTANT_CONVERSION = YES;
				CLANG_WARN_DEPRECATED_OBJC_IMPLEMENTATIONS = YES;
				CLANG_WARN_DIRECT_OBJC_ISA_USAGE = YES_ERROR;
				CLANG_WARN_DOCUMENTATION_COMMENTS = YES;
				CLANG_WARN_EMPTY_BODY = YES;
				CLANG_WARN_ENUM_CONVERSION = YES;
				CLANG_WARN_INFINITE_RECURSION = YES;
				CLANG_WARN_INT_CONVERSION = YES;
				CLANG_WARN_NON_LITERAL_NULL_CONVERSION = YES;
				CLANG_WARN_OBJC_IMPLICIT_RETAIN_SELF = YES;
				CLANG_WARN_OBJC_LITERAL_CONVERSION = YES;
				CLANG_WARN_OBJC_ROOT_CLASS = YES_ERROR;
				CLANG_WARN_QUOTED_INCLUDE_IN_FRAMEWORK_HEADER = YES;
				CLANG_WARN_RANGE_LOOP_ANALYSIS = YES;
				CLANG_WARN_STRICT_PROTOTYPES = YES;
				CLANG_WARN_SUSPICIOUS_MOVE = YES;
				CLANG_WARN_UNGUARDED_AVAILABILITY = YES_AGGRESSIVE;
				CLANG_WARN_UNREACHABLE_CODE = YES;
				CLANG_WARN__DUPLICATE_METHOD_MATCH = YES;
				COPY_PHASE_STRIP = NO;
				DEBUG_INFORMATION_FORMAT = "dwarf-with-dsym";
				ENABLE_STRICT_OBJC_MSGSEND = YES;
				ENABLE_TESTABILITY = YES;
				ENABLE_USER_SCRIPT_SANDBOXING = NO;
				GCC_C_LANGUAGE_STANDARD = gnu17;
				GCC_DYNAMIC_NO_PIC = NO;
				GCC_NO_COMMON_BLOCKS = YES;
				GCC_OPTIMIZATION_LEVEL = 0;
				GCC_PREPROCESSOR_DEFINITIONS = (
					"DEBUG=1",
					"$(inherited)",
				);
				GCC_WARN_64_TO_32_BIT_CONVERSION = YES;
				GCC_WARN_ABOUT_RETURN_TYPE = YES_ERROR;
				GCC_WARN_UNDECLARED_SELECTOR = YES;
				GCC_WARN_UNINITIALIZED_AUTOS = YES_AGGRESSIVE;
				GCC_WARN_UNUSED_FUNCTION = YES;
				GCC_WARN_UNUSED_VARIABLE = YES;
				IPHONEOS_DEPLOYMENT_TARGET = 18.0;
				LOCALIZATION_PREFERS_STRING_CATALOGS = YES;
				MTL_ENABLE_DEBUG_INFO = INCLUDE_SOURCE;
				MTL_FAST_MATH = YES;
				ONLY_ACTIVE_ARCH = YES;
				SDKROOT = iphoneos;
				SWIFT_ACTIVE_COMPILATION_CONDITIONS = "DEBUG $(inherited)";
				SWIFT_OPTIMIZATION_LEVEL = "-Onone";
			};
			name = Debug;
		};
		91FA96922C81333F0011BB7F /* Release */ = {
			isa = XCBuildConfiguration;
			buildSettings = {
				ALWAYS_SEARCH_USER_PATHS = NO;
				ASSETCATALOG_COMPILER_GENERATE_SWIFT_ASSET_SYMBOL_EXTENSIONS = YES;
				CLANG_ANALYZER_NONNULL = YES;
				CLANG_ANALYZER_NUMBER_OBJECT_CONVERSION = YES_AGGRESSIVE;
				CLANG_CXX_LANGUAGE_STANDARD = "gnu++20";
				CLANG_ENABLE_MODULES = YES;
				CLANG_ENABLE_OBJC_ARC = YES;
				CLANG_ENABLE_OBJC_WEAK = YES;
				CLANG_WARN_BLOCK_CAPTURE_AUTORELEASING = YES;
				CLANG_WARN_BOOL_CONVERSION = YES;
				CLANG_WARN_COMMA = YES;
				CLANG_WARN_CONSTANT_CONVERSION = YES;
				CLANG_WARN_DEPRECATED_OBJC_IMPLEMENTATIONS = YES;
				CLANG_WARN_DIRECT_OBJC_ISA_USAGE = YES_ERROR;
				CLANG_WARN_DOCUMENTATION_COMMENTS = YES;
				CLANG_WARN_EMPTY_BODY = YES;
				CLANG_WARN_ENUM_CONVERSION = YES;
				CLANG_WARN_INFINITE_RECURSION = YES;
				CLANG_WARN_INT_CONVERSION = YES;
				CLANG_WARN_NON_LITERAL_NULL_CONVERSION = YES;
				CLANG_WARN_OBJC_IMPLICIT_RETAIN_SELF = YES;
				CLANG_WARN_OBJC_LITERAL_CONVERSION = YES;
				CLANG_WARN_OBJC_ROOT_CLASS = YES_ERROR;
				CLANG_WARN_QUOTED_INCLUDE_IN_FRAMEWORK_HEADER = YES;
				CLANG_WARN_RANGE_LOOP_ANALYSIS = YES;
				CLANG_WARN_STRICT_PROTOTYPES = YES;
				CLANG_WARN_SUSPICIOUS_MOVE = YES;
				CLANG_WARN_UNGUARDED_AVAILABILITY = YES_AGGRESSIVE;
				CLANG_WARN_UNREACHABLE_CODE = YES;
				CLANG_WARN__DUPLICATE_METHOD_MATCH = YES;
				COPY_PHASE_STRIP = NO;
				DEBUG_INFORMATION_FORMAT = "dwarf-with-dsym";
				ENABLE_NS_ASSERTIONS = NO;
				ENABLE_STRICT_OBJC_MSGSEND = YES;
				ENABLE_TESTABILITY = NO;
				ENABLE_USER_SCRIPT_SANDBOXING = NO;
				GCC_C_LANGUAGE_STANDARD = gnu17;
				GCC_NO_COMMON_BLOCKS = YES;
				GCC_WARN_64_TO_32_BIT_CONVERSION = YES;
				GCC_WARN_ABOUT_RETURN_TYPE = YES_ERROR;
				GCC_WARN_UNDECLARED_SELECTOR = YES;
				GCC_WARN_UNINITIALIZED_AUTOS = YES_AGGRESSIVE;
				GCC_WARN_UNUSED_FUNCTION = YES;
				GCC_WARN_UNUSED_VARIABLE = YES;
				IPHONEOS_DEPLOYMENT_TARGET = 18.0;
				LOCALIZATION_PREFERS_STRING_CATALOGS = YES;
				MTL_ENABLE_DEBUG_INFO = NO;
				MTL_FAST_MATH = YES;
				SDKROOT = iphoneos;
				SWIFT_COMPILATION_MODE = wholemodule;
				VALIDATE_PRODUCT = YES;
			};
			name = Release;
		};
		91FA96942C81333F0011BB7F /* Debug */ = {
			isa = XCBuildConfiguration;
			buildSettings = {
				ASSETCATALOG_COMPILER_APPICON_NAME = AppIcon;
				ASSETCATALOG_COMPILER_GLOBAL_ACCENT_COLOR_NAME = AccentColor;
				CODE_SIGN_STYLE = Automatic;
				CURRENT_PROJECT_VERSION = 4;
				DEVELOPMENT_ASSET_PATHS = "\"betwist/Preview Content\"";
				DEVELOPMENT_TEAM = 7B9VB3YTHK;
				ENABLE_PREVIEWS = YES;
				GENERATE_INFOPLIST_FILE = YES;
				INFOPLIST_FILE = betwist/Info.plist;
				INFOPLIST_KEY_UIApplicationSceneManifest_Generation = YES;
				INFOPLIST_KEY_UIApplicationSupportsIndirectInputEvents = YES;
				INFOPLIST_KEY_UILaunchStoryboardName = splashScreen.png;
				INFOPLIST_KEY_UIRequiresFullScreen = YES;
				INFOPLIST_KEY_UIStatusBarHidden = YES;
				INFOPLIST_KEY_UISupportedInterfaceOrientations = "UIInterfaceOrientationLandscapeLeft UIInterfaceOrientationLandscapeRight UIInterfaceOrientationPortrait UIInterfaceOrientationPortraitUpsideDown";
				IPHONEOS_DEPLOYMENT_TARGET = 17.6;
				LD_RUNPATH_SEARCH_PATHS = (
					"$(inherited)",
					"@executable_path/Frameworks",
				);
				MARKETING_VERSION = 0.1;
				PRODUCT_BUNDLE_IDENTIFIER = com.xp123.betwist;
				PRODUCT_NAME = "$(TARGET_NAME)";
				SWIFT_EMIT_LOC_STRINGS = YES;
				SWIFT_VERSION = 5.0;
				TARGETED_DEVICE_FAMILY = "1,2";
			};
			name = Debug;
		};
		91FA96952C81333F0011BB7F /* Release */ = {
			isa = XCBuildConfiguration;
			buildSettings = {
				ASSETCATALOG_COMPILER_APPICON_NAME = AppIcon;
				ASSETCATALOG_COMPILER_GLOBAL_ACCENT_COLOR_NAME = AccentColor;
				CODE_SIGN_STYLE = Automatic;
				CURRENT_PROJECT_VERSION = 4;
				DEVELOPMENT_ASSET_PATHS = "\"betwist/Preview Content\"";
				DEVELOPMENT_TEAM = 7B9VB3YTHK;
				ENABLE_PREVIEWS = YES;
				GENERATE_INFOPLIST_FILE = YES;
				INFOPLIST_FILE = betwist/Info.plist;
				INFOPLIST_KEY_UIApplicationSceneManifest_Generation = YES;
				INFOPLIST_KEY_UIApplicationSupportsIndirectInputEvents = YES;
				INFOPLIST_KEY_UILaunchStoryboardName = splashScreen.png;
				INFOPLIST_KEY_UIRequiresFullScreen = YES;
				INFOPLIST_KEY_UIStatusBarHidden = YES;
				INFOPLIST_KEY_UISupportedInterfaceOrientations = "UIInterfaceOrientationLandscapeLeft UIInterfaceOrientationLandscapeRight UIInterfaceOrientationPortrait UIInterfaceOrientationPortraitUpsideDown";
				IPHONEOS_DEPLOYMENT_TARGET = 17.6;
				LD_RUNPATH_SEARCH_PATHS = (
					"$(inherited)",
					"@executable_path/Frameworks",
				);
				MARKETING_VERSION = 0.1;
				PRODUCT_BUNDLE_IDENTIFIER = com.xp123.betwist;
				PRODUCT_NAME = "$(TARGET_NAME)";
				SWIFT_EMIT_LOC_STRINGS = YES;
				SWIFT_VERSION = 5.0;
				TARGETED_DEVICE_FAMILY = "1,2";
			};
			name = Release;
		};
		91FA96972C81333F0011BB7F /* Debug */ = {
			isa = XCBuildConfiguration;
			buildSettings = {
				BUNDLE_LOADER = "$(TEST_HOST)";
				CLANG_ENABLE_MODULES = YES;
				CODE_SIGN_STYLE = Automatic;
				CURRENT_PROJECT_VERSION = 1;
				DEVELOPMENT_TEAM = 7B9VB3YTHK;
				GENERATE_INFOPLIST_FILE = YES;
				IPHONEOS_DEPLOYMENT_TARGET = 18.0;
				MARKETING_VERSION = 1.0;
				PRODUCT_BUNDLE_IDENTIFIER = com.xp123.betwistTests;
				PRODUCT_NAME = "$(TARGET_NAME)";
				SWIFT_EMIT_LOC_STRINGS = NO;
				SWIFT_OPTIMIZATION_LEVEL = "-Onone";
				SWIFT_VERSION = 5.0;
				TARGETED_DEVICE_FAMILY = "1,2";
				TEST_HOST = "$(BUILT_PRODUCTS_DIR)/betwist.app/$(BUNDLE_EXECUTABLE_FOLDER_PATH)/betwist";
			};
			name = Debug;
		};
		91FA96982C81333F0011BB7F /* Release */ = {
			isa = XCBuildConfiguration;
			buildSettings = {
				BUNDLE_LOADER = "$(TEST_HOST)";
				CLANG_ENABLE_MODULES = YES;
				CODE_SIGN_STYLE = Automatic;
				CURRENT_PROJECT_VERSION = 1;
				DEVELOPMENT_TEAM = 7B9VB3YTHK;
				GENERATE_INFOPLIST_FILE = YES;
				IPHONEOS_DEPLOYMENT_TARGET = 18.0;
				MARKETING_VERSION = 1.0;
				PRODUCT_BUNDLE_IDENTIFIER = com.xp123.betwistTests;
				PRODUCT_NAME = "$(TARGET_NAME)";
				SWIFT_EMIT_LOC_STRINGS = NO;
				SWIFT_VERSION = 5.0;
				TARGETED_DEVICE_FAMILY = "1,2";
				TEST_HOST = "$(BUILT_PRODUCTS_DIR)/betwist.app/$(BUNDLE_EXECUTABLE_FOLDER_PATH)/betwist";
			};
			name = Release;
		};
/* End XCBuildConfiguration section */

/* Begin XCConfigurationList section */
		91FA966A2C81333A0011BB7F /* Build configuration list for PBXProject "betwist" */ = {
			isa = XCConfigurationList;
			buildConfigurations = (
				91FA96912C81333F0011BB7F /* Debug */,
				91FA96922C81333F0011BB7F /* Release */,
			);
			defaultConfigurationIsVisible = 0;
			defaultConfigurationName = Release;
		};
		91FA96932C81333F0011BB7F /* Build configuration list for PBXNativeTarget "betwist" */ = {
			isa = XCConfigurationList;
			buildConfigurations = (
				91FA96942C81333F0011BB7F /* Debug */,
				91FA96952C81333F0011BB7F /* Release */,
			);
			defaultConfigurationIsVisible = 0;
			defaultConfigurationName = Release;
		};
		91FA96962C81333F0011BB7F /* Build configuration list for PBXNativeTarget "betwistTests" */ = {
			isa = XCConfigurationList;
			buildConfigurations = (
				91FA96972C81333F0011BB7F /* Debug */,
				91FA96982C81333F0011BB7F /* Release */,
			);
			defaultConfigurationIsVisible = 0;
			defaultConfigurationName = Release;
		};
/* End XCConfigurationList section */

/* Begin XCRemoteSwiftPackageReference section */
		9181F09F2CA34E610091A771 /* XCRemoteSwiftPackageReference "swift-algorithms" */ = {
			isa = XCRemoteSwiftPackageReference;
			repositoryURL = "https://github.com/apple/swift-algorithms.git";
			requirement = {
				kind = upToNextMajorVersion;
				minimumVersion = 1.2.0;
			};
		};
		91FA96A22C8144FF0011BB7F /* XCRemoteSwiftPackageReference "SwiftLintPlugins" */ = {
			isa = XCRemoteSwiftPackageReference;
			repositoryURL = "https://github.com/SimplyDanny/SwiftLintPlugins";
			requirement = {
				kind = upToNextMajorVersion;
				minimumVersion = 0.56.2;
			};
		};
/* End XCRemoteSwiftPackageReference section */

/* Begin XCSwiftPackageProductDependency section */
		9181F0A12CA34EA60091A771 /* Algorithms */ = {
			isa = XCSwiftPackageProductDependency;
			package = 9181F09F2CA34E610091A771 /* XCRemoteSwiftPackageReference "swift-algorithms" */;
			productName = Algorithms;
		};
/* End XCSwiftPackageProductDependency section */
	};
	rootObject = 91FA96672C81333A0011BB7F /* Project object */;
}
